// !$*UTF8*$!
{
	archiveVersion = 1;
	classes = {
	};
	objectVersion = 56;
	objects = {

/* Begin PBXBuildFile section */
		E63984DB29BFF73500B73876 /* ProfileViewController.swift in Sources */ = {isa = PBXBuildFile; fileRef = E63984DA29BFF73500B73876 /* ProfileViewController.swift */; };
		E63984DD29C02C1D00B73876 /* Setting.swift in Sources */ = {isa = PBXBuildFile; fileRef = E63984DC29C02C1D00B73876 /* Setting.swift */; };
		E6FA418C29BB110D001C0B10 /* AppDelegate.swift in Sources */ = {isa = PBXBuildFile; fileRef = E6FA418B29BB110D001C0B10 /* AppDelegate.swift */; };
		E6FA418E29BB110D001C0B10 /* SceneDelegate.swift in Sources */ = {isa = PBXBuildFile; fileRef = E6FA418D29BB110D001C0B10 /* SceneDelegate.swift */; };
		E6FA419029BB110D001C0B10 /* ViewController.swift in Sources */ = {isa = PBXBuildFile; fileRef = E6FA418F29BB110D001C0B10 /* ViewController.swift */; };
		E6FA419329BB110D001C0B10 /* Main.storyboard in Resources */ = {isa = PBXBuildFile; fileRef = E6FA419129BB110D001C0B10 /* Main.storyboard */; };
		E6FA419529BB110F001C0B10 /* Assets.xcassets in Resources */ = {isa = PBXBuildFile; fileRef = E6FA419429BB110F001C0B10 /* Assets.xcassets */; };
		E6FA419829BB110F001C0B10 /* LaunchScreen.storyboard in Resources */ = {isa = PBXBuildFile; fileRef = E6FA419629BB110F001C0B10 /* LaunchScreen.storyboard */; };
		E6FA41C229BB7DC3001C0B10 /* ProductCell.swift in Sources */ = {isa = PBXBuildFile; fileRef = E6FA41C129BB7DC3001C0B10 /* ProductCell.swift */; };
		E6FA41CC29BB8C4E001C0B10 /* Product.swift in Sources */ = {isa = PBXBuildFile; fileRef = E6FA41CB29BB8C4E001C0B10 /* Product.swift */; };
		E6FA41CE29BB96B5001C0B10 /* DataManager.swift in Sources */ = {isa = PBXBuildFile; fileRef = E6FA41CD29BB96B5001C0B10 /* DataManager.swift */; };
		E6FA41D029BBA2F8001C0B10 /* DetailViewController.swift in Sources */ = {isa = PBXBuildFile; fileRef = E6FA41CF29BBA2F8001C0B10 /* DetailViewController.swift */; };
/* End PBXBuildFile section */

/* Begin PBXFileReference section */
		E63984DA29BFF73500B73876 /* ProfileViewController.swift */ = {isa = PBXFileReference; lastKnownFileType = sourcecode.swift; path = ProfileViewController.swift; sourceTree = "<group>"; };
		E63984DC29C02C1D00B73876 /* Setting.swift */ = {isa = PBXFileReference; lastKnownFileType = sourcecode.swift; path = Setting.swift; sourceTree = "<group>"; };
		E6FA418829BB110D001C0B10 /* NomardMap.app */ = {isa = PBXFileReference; explicitFileType = wrapper.application; includeInIndex = 0; path = NomardMap.app; sourceTree = BUILT_PRODUCTS_DIR; };
		E6FA418B29BB110D001C0B10 /* AppDelegate.swift */ = {isa = PBXFileReference; lastKnownFileType = sourcecode.swift; path = AppDelegate.swift; sourceTree = "<group>"; };
		E6FA418D29BB110D001C0B10 /* SceneDelegate.swift */ = {isa = PBXFileReference; lastKnownFileType = sourcecode.swift; path = SceneDelegate.swift; sourceTree = "<group>"; };
		E6FA418F29BB110D001C0B10 /* ViewController.swift */ = {isa = PBXFileReference; lastKnownFileType = sourcecode.swift; path = ViewController.swift; sourceTree = "<group>"; };
		E6FA419229BB110D001C0B10 /* Base */ = {isa = PBXFileReference; lastKnownFileType = file.storyboard; name = Base; path = Base.lproj/Main.storyboard; sourceTree = "<group>"; };
		E6FA419429BB110F001C0B10 /* Assets.xcassets */ = {isa = PBXFileReference; lastKnownFileType = folder.assetcatalog; path = Assets.xcassets; sourceTree = "<group>"; };
		E6FA419729BB110F001C0B10 /* Base */ = {isa = PBXFileReference; lastKnownFileType = file.storyboard; name = Base; path = Base.lproj/LaunchScreen.storyboard; sourceTree = "<group>"; };
		E6FA419929BB110F001C0B10 /* Info.plist */ = {isa = PBXFileReference; lastKnownFileType = text.plist.xml; path = Info.plist; sourceTree = "<group>"; };
		E6FA41C129BB7DC3001C0B10 /* ProductCell.swift */ = {isa = PBXFileReference; lastKnownFileType = sourcecode.swift; path = ProductCell.swift; sourceTree = "<group>"; };
		E6FA41CB29BB8C4E001C0B10 /* Product.swift */ = {isa = PBXFileReference; lastKnownFileType = sourcecode.swift; path = Product.swift; sourceTree = "<group>"; };
		E6FA41CD29BB96B5001C0B10 /* DataManager.swift */ = {isa = PBXFileReference; lastKnownFileType = sourcecode.swift; path = DataManager.swift; sourceTree = "<group>"; };
		E6FA41CF29BBA2F8001C0B10 /* DetailViewController.swift */ = {isa = PBXFileReference; lastKnownFileType = sourcecode.swift; path = DetailViewController.swift; sourceTree = "<group>"; };
/* End PBXFileReference section */

/* Begin PBXFrameworksBuildPhase section */
		E6FA418529BB110D001C0B10 /* Frameworks */ = {
			isa = PBXFrameworksBuildPhase;
			buildActionMask = 2147483647;
			files = (
			);
			runOnlyForDeploymentPostprocessing = 0;
		};
/* End PBXFrameworksBuildPhase section */

/* Begin PBXGroup section */
		E6FA417F29BB110D001C0B10 = {
			isa = PBXGroup;
			children = (
				E6FA418A29BB110D001C0B10 /* NomardMap */,
				E6FA418929BB110D001C0B10 /* Products */,
			);
			sourceTree = "<group>";
		};
		E6FA418929BB110D001C0B10 /* Products */ = {
			isa = PBXGroup;
			children = (
				E6FA418829BB110D001C0B10 /* NomardMap.app */,
			);
			name = Products;
			sourceTree = "<group>";
		};
		E6FA418A29BB110D001C0B10 /* NomardMap */ = {
			isa = PBXGroup;
			children = (
				E6FA418B29BB110D001C0B10 /* AppDelegate.swift */,
				E6FA418D29BB110D001C0B10 /* SceneDelegate.swift */,
				E6FA41C329BB891E001C0B10 /* Models */,
				E6FA41C429BB892B001C0B10 /* Views */,
				E6FA41C529BB893A001C0B10 /* Controller */,
				E6FA419429BB110F001C0B10 /* Assets.xcassets */,
				E6FA419629BB110F001C0B10 /* LaunchScreen.storyboard */,
				E6FA419929BB110F001C0B10 /* Info.plist */,
			);
			path = NomardMap;
			sourceTree = "<group>";
		};
		E6FA41C329BB891E001C0B10 /* Models */ = {
			isa = PBXGroup;
			children = (
				E6FA41CB29BB8C4E001C0B10 /* Product.swift */,
				E63984DC29C02C1D00B73876 /* Setting.swift */,
				E6FA41CD29BB96B5001C0B10 /* DataManager.swift */,
			);
			path = Models;
			sourceTree = "<group>";
		};
		E6FA41C429BB892B001C0B10 /* Views */ = {
			isa = PBXGroup;
			children = (
				E6FA41C129BB7DC3001C0B10 /* ProductCell.swift */,
				E6FA419129BB110D001C0B10 /* Main.storyboard */,
			);
			path = Views;
			sourceTree = "<group>";
		};
		E6FA41C529BB893A001C0B10 /* Controller */ = {
			isa = PBXGroup;
			children = (
				E6FA418F29BB110D001C0B10 /* ViewController.swift */,
				E6FA41CF29BBA2F8001C0B10 /* DetailViewController.swift */,
				E63984DA29BFF73500B73876 /* ProfileViewController.swift */,
			);
			path = Controller;
			sourceTree = "<group>";
		};
/* End PBXGroup section */

/* Begin PBXNativeTarget section */
		E6FA418729BB110D001C0B10 /* NomardMap */ = {
			isa = PBXNativeTarget;
			buildConfigurationList = E6FA419C29BB110F001C0B10 /* Build configuration list for PBXNativeTarget "NomardMap" */;
			buildPhases = (
				E6FA418429BB110D001C0B10 /* Sources */,
				E6FA418529BB110D001C0B10 /* Frameworks */,
				E6FA418629BB110D001C0B10 /* Resources */,
			);
			buildRules = (
			);
			dependencies = (
			);
			name = NomardMap;
			productName = NomardMap;
			productReference = E6FA418829BB110D001C0B10 /* NomardMap.app */;
			productType = "com.apple.product-type.application";
		};
/* End PBXNativeTarget section */

/* Begin PBXProject section */
		E6FA418029BB110D001C0B10 /* Project object */ = {
			isa = PBXProject;
			attributes = {
				BuildIndependentTargetsInParallel = 1;
				LastSwiftUpdateCheck = 1420;
				LastUpgradeCheck = 1420;
				TargetAttributes = {
					E6FA418729BB110D001C0B10 = {
						CreatedOnToolsVersion = 14.2;
					};
				};
			};
			buildConfigurationList = E6FA418329BB110D001C0B10 /* Build configuration list for PBXProject "NomardMap" */;
			compatibilityVersion = "Xcode 14.0";
			developmentRegion = en;
			hasScannedForEncodings = 0;
			knownRegions = (
				en,
				Base,
			);
			mainGroup = E6FA417F29BB110D001C0B10;
			productRefGroup = E6FA418929BB110D001C0B10 /* Products */;
			projectDirPath = "";
			projectRoot = "";
			targets = (
				E6FA418729BB110D001C0B10 /* NomardMap */,
			);
		};
/* End PBXProject section */

/* Begin PBXResourcesBuildPhase section */
		E6FA418629BB110D001C0B10 /* Resources */ = {
			isa = PBXResourcesBuildPhase;
			buildActionMask = 2147483647;
			files = (
				E6FA419829BB110F001C0B10 /* LaunchScreen.storyboard in Resources */,
				E6FA419529BB110F001C0B10 /* Assets.xcassets in Resources */,
				E6FA419329BB110D001C0B10 /* Main.storyboard in Resources */,
			);
			runOnlyForDeploymentPostprocessing = 0;
		};
/* End PBXResourcesBuildPhase section */

/* Begin PBXSourcesBuildPhase section */
		E6FA418429BB110D001C0B10 /* Sources */ = {
			isa = PBXSourcesBuildPhase;
			buildActionMask = 2147483647;
			files = (
				E6FA419029BB110D001C0B10 /* ViewController.swift in Sources */,
				E6FA41CE29BB96B5001C0B10 /* DataManager.swift in Sources */,
				E6FA41C229BB7DC3001C0B10 /* ProductCell.swift in Sources */,
				E63984DD29C02C1D00B73876 /* Setting.swift in Sources */,
				E6FA41CC29BB8C4E001C0B10 /* Product.swift in Sources */,
				E6FA418C29BB110D001C0B10 /* AppDelegate.swift in Sources */,
				E63984DB29BFF73500B73876 /* ProfileViewController.swift in Sources */,
				E6FA418E29BB110D001C0B10 /* SceneDelegate.swift in Sources */,
				E6FA41D029BBA2F8001C0B10 /* DetailViewController.swift in Sources */,
			);
			runOnlyForDeploymentPostprocessing = 0;
		};
/* End PBXSourcesBuildPhase section */

/* Begin PBXVariantGroup section */
		E6FA419129BB110D001C0B10 /* Main.storyboard */ = {
			isa = PBXVariantGroup;
			children = (
				E6FA419229BB110D001C0B10 /* Base */,
			);
			name = Main.storyboard;
			sourceTree = "<group>";
		};
		E6FA419629BB110F001C0B10 /* LaunchScreen.storyboard */ = {
			isa = PBXVariantGroup;
			children = (
				E6FA419729BB110F001C0B10 /* Base */,
			);
			name = LaunchScreen.storyboard;
			sourceTree = "<group>";
		};
/* End PBXVariantGroup section */

/* Begin XCBuildConfiguration section */
		E6FA419A29BB110F001C0B10 /* Debug */ = {
			isa = XCBuildConfiguration;
			buildSettings = {
				ALWAYS_SEARCH_USER_PATHS = NO;
				CLANG_ANALYZER_NONNULL = YES;
				CLANG_ANALYZER_NUMBER_OBJECT_CONVERSION = YES_AGGRESSIVE;
				CLANG_CXX_LANGUAGE_STANDARD = "gnu++20";
				CLANG_ENABLE_MODULES = YES;
				CLANG_ENABLE_OBJC_ARC = YES;
				CLANG_ENABLE_OBJC_WEAK = YES;
				CLANG_WARN_BLOCK_CAPTURE_AUTORELEASING = YES;
				CLANG_WARN_BOOL_CONVERSION = YES;
				CLANG_WARN_COMMA = YES;
				CLANG_WARN_CONSTANT_CONVERSION = YES;
				CLANG_WARN_DEPRECATED_OBJC_IMPLEMENTATIONS = YES;
				CLANG_WARN_DIRECT_OBJC_ISA_USAGE = YES_ERROR;
				CLANG_WARN_DOCUMENTATION_COMMENTS = YES;
				CLANG_WARN_EMPTY_BODY = YES;
				CLANG_WARN_ENUM_CONVERSION = YES;
				CLANG_WARN_INFINITE_RECURSION = YES;
				CLANG_WARN_INT_CONVERSION = YES;
				CLANG_WARN_NON_LITERAL_NULL_CONVERSION = YES;
				CLANG_WARN_OBJC_IMPLICIT_RETAIN_SELF = YES;
				CLANG_WARN_OBJC_LITERAL_CONVERSION = YES;
				CLANG_WARN_OBJC_ROOT_CLASS = YES_ERROR;
				CLANG_WARN_QUOTED_INCLUDE_IN_FRAMEWORK_HEADER = YES;
				CLANG_WARN_RANGE_LOOP_ANALYSIS = YES;
				CLANG_WARN_STRICT_PROTOTYPES = YES;
				CLANG_WARN_SUSPICIOUS_MOVE = YES;
				CLANG_WARN_UNGUARDED_AVAILABILITY = YES_AGGRESSIVE;
				CLANG_WARN_UNREACHABLE_CODE = YES;
				CLANG_WARN__DUPLICATE_METHOD_MATCH = YES;
				COPY_PHASE_STRIP = NO;
				DEBUG_INFORMATION_FORMAT = dwarf;
				ENABLE_STRICT_OBJC_MSGSEND = YES;
				ENABLE_TESTABILITY = YES;
				GCC_C_LANGUAGE_STANDARD = gnu11;
				GCC_DYNAMIC_NO_PIC = NO;
				GCC_NO_COMMON_BLOCKS = YES;
				GCC_OPTIMIZATION_LEVEL = 0;
				GCC_PREPROCESSOR_DEFINITIONS = (
					"DEBUG=1",
					"$(inherited)",
				);
				GCC_WARN_64_TO_32_BIT_CONVERSION = YES;
				GCC_WARN_ABOUT_RETURN_TYPE = YES_ERROR;
				GCC_WARN_UNDECLARED_SELECTOR = YES;
				GCC_WARN_UNINITIALIZED_AUTOS = YES_AGGRESSIVE;
				GCC_WARN_UNUSED_FUNCTION = YES;
				GCC_WARN_UNUSED_VARIABLE = YES;
				IPHONEOS_DEPLOYMENT_TARGET = 16.2;
				MTL_ENABLE_DEBUG_INFO = INCLUDE_SOURCE;
				MTL_FAST_MATH = YES;
				ONLY_ACTIVE_ARCH = YES;
				SDKROOT = iphoneos;
				SWIFT_ACTIVE_COMPILATION_CONDITIONS = DEBUG;
				SWIFT_OPTIMIZATION_LEVEL = "-Onone";
			};
			name = Debug;
		};
		E6FA419B29BB110F001C0B10 /* Release */ = {
			isa = XCBuildConfiguration;
			buildSettings = {
				ALWAYS_SEARCH_USER_PATHS = NO;
				CLANG_ANALYZER_NONNULL = YES;
				CLANG_ANALYZER_NUMBER_OBJECT_CONVERSION = YES_AGGRESSIVE;
				CLANG_CXX_LANGUAGE_STANDARD = "gnu++20";
				CLANG_ENABLE_MODULES = YES;
				CLANG_ENABLE_OBJC_ARC = YES;
				CLANG_ENABLE_OBJC_WEAK = YES;
				CLANG_WARN_BLOCK_CAPTURE_AUTORELEASING = YES;
				CLANG_WARN_BOOL_CONVERSION = YES;
				CLANG_WARN_COMMA = YES;
				CLANG_WARN_CONSTANT_CONVERSION = YES;
				CLANG_WARN_DEPRECATED_OBJC_IMPLEMENTATIONS = YES;
				CLANG_WARN_DIRECT_OBJC_ISA_USAGE = YES_ERROR;
				CLANG_WARN_DOCUMENTATION_COMMENTS = YES;
				CLANG_WARN_EMPTY_BODY = YES;
				CLANG_WARN_ENUM_CONVERSION = YES;
				CLANG_WARN_INFINITE_RECURSION = YES;
				CLANG_WARN_INT_CONVERSION = YES;
				CLANG_WARN_NON_LITERAL_NULL_CONVERSION = YES;
				CLANG_WARN_OBJC_IMPLICIT_RETAIN_SELF = YES;
				CLANG_WARN_OBJC_LITERAL_CONVERSION = YES;
				CLANG_WARN_OBJC_ROOT_CLASS = YES_ERROR;
				CLANG_WARN_QUOTED_INCLUDE_IN_FRAMEWORK_HEADER = YES;
				CLANG_WARN_RANGE_LOOP_ANALYSIS = YES;
				CLANG_WARN_STRICT_PROTOTYPES = YES;
				CLANG_WARN_SUSPICIOUS_MOVE = YES;
				CLANG_WARN_UNGUARDED_AVAILABILITY = YES_AGGRESSIVE;
				CLANG_WARN_UNREACHABLE_CODE = YES;
				CLANG_WARN__DUPLICATE_METHOD_MATCH = YES;
				COPY_PHASE_STRIP = NO;
				DEBUG_INFORMATION_FORMAT = "dwarf-with-dsym";
				ENABLE_NS_ASSERTIONS = NO;
				ENABLE_STRICT_OBJC_MSGSEND = YES;
				GCC_C_LANGUAGE_STANDARD = gnu11;
				GCC_NO_COMMON_BLOCKS = YES;
				GCC_WARN_64_TO_32_BIT_CONVERSION = YES;
				GCC_WARN_ABOUT_RETURN_TYPE = YES_ERROR;
				GCC_WARN_UNDECLARED_SELECTOR = YES;
				GCC_WARN_UNINITIALIZED_AUTOS = YES_AGGRESSIVE;
				GCC_WARN_UNUSED_FUNCTION = YES;
				GCC_WARN_UNUSED_VARIABLE = YES;
				IPHONEOS_DEPLOYMENT_TARGET = 16.2;
				MTL_ENABLE_DEBUG_INFO = NO;
				MTL_FAST_MATH = YES;
				SDKROOT = iphoneos;
				SWIFT_COMPILATION_MODE = wholemodule;
				SWIFT_OPTIMIZATION_LEVEL = "-O";
				VALIDATE_PRODUCT = YES;
			};
			name = Release;
		};
		E6FA419D29BB110F001C0B10 /* Debug */ = {
			isa = XCBuildConfiguration;
			buildSettings = {
				ASSETCATALOG_COMPILER_APPICON_NAME = AppIcon;
				ASSETCATALOG_COMPILER_GLOBAL_ACCENT_COLOR_NAME = AccentColor;
				CODE_SIGN_STYLE = Automatic;
				CURRENT_PROJECT_VERSION = 1;
				GENERATE_INFOPLIST_FILE = YES;
				INFOPLIST_FILE = NomardMap/Info.plist;
				INFOPLIST_KEY_UIApplicationSupportsIndirectInputEvents = YES;
				INFOPLIST_KEY_UILaunchStoryboardName = LaunchScreen.storyboard;
				INFOPLIST_KEY_UIMainStoryboardFile = Main;
				INFOPLIST_KEY_UISupportedInterfaceOrientations_iPad = "UIInterfaceOrientationPortrait UIInterfaceOrientationPortraitUpsideDown UIInterfaceOrientationLandscapeLeft UIInterfaceOrientationLandscapeRight";
				INFOPLIST_KEY_UISupportedInterfaceOrientations_iPhone = "UIInterfaceOrientationPortrait UIInterfaceOrientationLandscapeLeft UIInterfaceOrientationLandscapeRight";
				LD_RUNPATH_SEARCH_PATHS = (
					"$(inherited)",
					"@executable_path/Frameworks",
				);
				MARKETING_VERSION = 1.0;
				PRODUCT_BUNDLE_IDENTIFIER = com.yourcompany.NomardMap;
				PRODUCT_NAME = "$(TARGET_NAME)";
				SUPPORTED_PLATFORMS = "iphoneos iphonesimulator";
				SUPPORTS_MACCATALYST = NO;
				SUPPORTS_MAC_DESIGNED_FOR_IPHONE_IPAD = NO;
				SWIFT_EMIT_LOC_STRINGS = YES;
				SWIFT_VERSION = 5.0;
				TARGETED_DEVICE_FAMILY = 1;
			};
			name = Debug;
		};
		E6FA419E29BB110F001C0B10 /* Release */ = {
			isa = XCBuildConfiguration;
			buildSettings = {
				ASSETCATALOG_COMPILER_APPICON_NAME = AppIcon;
				ASSETCATALOG_COMPILER_GLOBAL_ACCENT_COLOR_NAME = AccentColor;
				CODE_SIGN_STYLE = Automatic;
				CURRENT_PROJECT_VERSION = 1;
				GENERATE_INFOPLIST_FILE = YES;
				INFOPLIST_FILE = NomardMap/Info.plist;
				INFOPLIST_KEY_UIApplicationSupportsIndirectInputEvents = YES;
				INFOPLIST_KEY_UILaunchStoryboardName = LaunchScreen.storyboard;
				INFOPLIST_KEY_UIMainStoryboardFile = Main;
				INFOPLIST_KEY_UISupportedInterfaceOrientations_iPad = "UIInterfaceOrientationPortrait UIInterfaceOrientationPortraitUpsideDown UIInterfaceOrientationLandscapeLeft UIInterfaceOrientationLandscapeRight";
				INFOPLIST_KEY_UISupportedInterfaceOrientations_iPhone = "UIInterfaceOrientationPortrait UIInterfaceOrientationLandscapeLeft UIInterfaceOrientationLandscapeRight";
				LD_RUNPATH_SEARCH_PATHS = (
					"$(inherited)",
					"@executable_path/Frameworks",
				);
				MARKETING_VERSION = 1.0;
				PRODUCT_BUNDLE_IDENTIFIER = com.yourcompany.NomardMap;
				PRODUCT_NAME = "$(TARGET_NAME)";
				SUPPORTED_PLATFORMS = "iphoneos iphonesimulator";
				SUPPORTS_MACCATALYST = NO;
				SUPPORTS_MAC_DESIGNED_FOR_IPHONE_IPAD = NO;
				SWIFT_EMIT_LOC_STRINGS = YES;
				SWIFT_VERSION = 5.0;
				TARGETED_DEVICE_FAMILY = 1;
			};
			name = Release;
		};
/* End XCBuildConfiguration section */

/* Begin XCConfigurationList section */
		E6FA418329BB110D001C0B10 /* Build configuration list for PBXProject "NomardMap" */ = {
			isa = XCConfigurationList;
			buildConfigurations = (
				E6FA419A29BB110F001C0B10 /* Debug */,
				E6FA419B29BB110F001C0B10 /* Release */,
			);
			defaultConfigurationIsVisible = 0;
			defaultConfigurationName = Release;
		};
		E6FA419C29BB110F001C0B10 /* Build configuration list for PBXNativeTarget "NomardMap" */ = {
			isa = XCConfigurationList;
			buildConfigurations = (
				E6FA419D29BB110F001C0B10 /* Debug */,
				E6FA419E29BB110F001C0B10 /* Release */,
			);
			defaultConfigurationIsVisible = 0;
			defaultConfigurationName = Release;
		};
/* End XCConfigurationList section */
	};
	rootObject = E6FA418029BB110D001C0B10 /* Project object */;
}
