// !$*UTF8*$!
{
	archiveVersion = 1;
	classes = {
	};
	objectVersion = 56;
	objects = {

/* Begin PBXBuildFile section */
		E60A233D29C89FAD009728CA /* Constants.swift in Sources */ = {isa = PBXBuildFile; fileRef = E60A233C29C89FAD009728CA /* Constants.swift */; };
		E6A0294529C765E00087384F /* AppDelegate.swift in Sources */ = {isa = PBXBuildFile; fileRef = E6A0294429C765E00087384F /* AppDelegate.swift */; };
		E6A0294729C765E00087384F /* SceneDelegate.swift in Sources */ = {isa = PBXBuildFile; fileRef = E6A0294629C765E00087384F /* SceneDelegate.swift */; };
		E6A0294929C765E00087384F /* ViewController.swift in Sources */ = {isa = PBXBuildFile; fileRef = E6A0294829C765E00087384F /* ViewController.swift */; };
		E6A0294C29C765E00087384F /* Main.storyboard in Resources */ = {isa = PBXBuildFile; fileRef = E6A0294A29C765E00087384F /* Main.storyboard */; };
		E6A0294E29C765E20087384F /* Assets.xcassets in Resources */ = {isa = PBXBuildFile; fileRef = E6A0294D29C765E20087384F /* Assets.xcassets */; };
		E6A0295129C765E20087384F /* LaunchScreen.storyboard in Resources */ = {isa = PBXBuildFile; fileRef = E6A0294F29C765E20087384F /* LaunchScreen.storyboard */; };
		E6A0295D29C76D870087384F /* Product.swift in Sources */ = {isa = PBXBuildFile; fileRef = E6A0295C29C76D870087384F /* Product.swift */; };
		E6A0295F29C76F100087384F /* ProductCell.swift in Sources */ = {isa = PBXBuildFile; fileRef = E6A0295E29C76F100087384F /* ProductCell.swift */; };
		E6A0296129C77AE80087384F /* DetailViewController.swift in Sources */ = {isa = PBXBuildFile; fileRef = E6A0296029C77AE80087384F /* DetailViewController.swift */; };
/* End PBXBuildFile section */

/* Begin PBXFileReference section */
		E60A233C29C89FAD009728CA /* Constants.swift */ = {isa = PBXFileReference; lastKnownFileType = sourcecode.swift; path = Constants.swift; sourceTree = "<group>"; };
		E6A0294129C765E00087384F /* nomard_1.app */ = {isa = PBXFileReference; explicitFileType = wrapper.application; includeInIndex = 0; path = nomard_1.app; sourceTree = BUILT_PRODUCTS_DIR; };
		E6A0294429C765E00087384F /* AppDelegate.swift */ = {isa = PBXFileReference; lastKnownFileType = sourcecode.swift; path = AppDelegate.swift; sourceTree = "<group>"; };
		E6A0294629C765E00087384F /* SceneDelegate.swift */ = {isa = PBXFileReference; lastKnownFileType = sourcecode.swift; path = SceneDelegate.swift; sourceTree = "<group>"; };
		E6A0294829C765E00087384F /* ViewController.swift */ = {isa = PBXFileReference; lastKnownFileType = sourcecode.swift; path = ViewController.swift; sourceTree = "<group>"; };
		E6A0294B29C765E00087384F /* Base */ = {isa = PBXFileReference; lastKnownFileType = file.storyboard; name = Base; path = Base.lproj/Main.storyboard; sourceTree = "<group>"; };
		E6A0294D29C765E20087384F /* Assets.xcassets */ = {isa = PBXFileReference; lastKnownFileType = folder.assetcatalog; path = Assets.xcassets; sourceTree = "<group>"; };
		E6A0295029C765E20087384F /* Base */ = {isa = PBXFileReference; lastKnownFileType = file.storyboard; name = Base; path = Base.lproj/LaunchScreen.storyboard; sourceTree = "<group>"; };
		E6A0295229C765E20087384F /* Info.plist */ = {isa = PBXFileReference; lastKnownFileType = text.plist.xml; path = Info.plist; sourceTree = "<group>"; };
		E6A0295C29C76D870087384F /* Product.swift */ = {isa = PBXFileReference; lastKnownFileType = sourcecode.swift; path = Product.swift; sourceTree = "<group>"; };
		E6A0295E29C76F100087384F /* ProductCell.swift */ = {isa = PBXFileReference; lastKnownFileType = sourcecode.swift; path = ProductCell.swift; sourceTree = "<group>"; };
		E6A0296029C77AE80087384F /* DetailViewController.swift */ = {isa = PBXFileReference; lastKnownFileType = sourcecode.swift; path = DetailViewController.swift; sourceTree = "<group>"; };
/* End PBXFileReference section */

/* Begin PBXFrameworksBuildPhase section */
		E6A0293E29C765E00087384F /* Frameworks */ = {
			isa = PBXFrameworksBuildPhase;
			buildActionMask = 2147483647;
			files = (
			);
			runOnlyForDeploymentPostprocessing = 0;
		};
/* End PBXFrameworksBuildPhase section */

/* Begin PBXGroup section */
		E6A0293829C765E00087384F = {
			isa = PBXGroup;
			children = (
				E6A0294329C765E00087384F /* nomard_1 */,
				E6A0294229C765E00087384F /* Products */,
			);
			sourceTree = "<group>";
		};
		E6A0294229C765E00087384F /* Products */ = {
			isa = PBXGroup;
			children = (
				E6A0294129C765E00087384F /* nomard_1.app */,
			);
			name = Products;
			sourceTree = "<group>";
		};
		E6A0294329C765E00087384F /* nomard_1 */ = {
			isa = PBXGroup;
			children = (
				E6A0295A29C766550087384F /* Helpers */,
				E6A0294429C765E00087384F /* AppDelegate.swift */,
				E6A0294629C765E00087384F /* SceneDelegate.swift */,
				E6A0295B29C766680087384F /* Models */,
				E6A0295829C765ED0087384F /* Views */,
				E6A0295929C766230087384F /* Controller */,
				E6A0294D29C765E20087384F /* Assets.xcassets */,
				E6A0294F29C765E20087384F /* LaunchScreen.storyboard */,
				E6A0295229C765E20087384F /* Info.plist */,
			);
			path = nomard_1;
			sourceTree = "<group>";
		};
		E6A0295829C765ED0087384F /* Views */ = {
			isa = PBXGroup;
			children = (
				E6A0294A29C765E00087384F /* Main.storyboard */,
			);
			path = Views;
			sourceTree = "<group>";
		};
		E6A0295929C766230087384F /* Controller */ = {
			isa = PBXGroup;
			children = (
				E6A0294829C765E00087384F /* ViewController.swift */,
				E6A0296029C77AE80087384F /* DetailViewController.swift */,
			);
			path = Controller;
			sourceTree = "<group>";
		};
		E6A0295A29C766550087384F /* Helpers */ = {
			isa = PBXGroup;
			children = (
				E60A233C29C89FAD009728CA /* Constants.swift */,
			);
			path = Helpers;
			sourceTree = "<group>";
		};
		E6A0295B29C766680087384F /* Models */ = {
			isa = PBXGroup;
			children = (
				E6A0295C29C76D870087384F /* Product.swift */,
				E6A0295E29C76F100087384F /* ProductCell.swift */,
			);
			path = Models;
			sourceTree = "<group>";
		};
/* End PBXGroup section */

/* Begin PBXNativeTarget section */
		E6A0294029C765E00087384F /* nomard_1 */ = {
			isa = PBXNativeTarget;
			buildConfigurationList = E6A0295529C765E20087384F /* Build configuration list for PBXNativeTarget "nomard_1" */;
			buildPhases = (
				E6A0293D29C765E00087384F /* Sources */,
				E6A0293E29C765E00087384F /* Frameworks */,
				E6A0293F29C765E00087384F /* Resources */,
			);
			buildRules = (
			);
			dependencies = (
			);
			name = nomard_1;
			productName = nomard_1;
			productReference = E6A0294129C765E00087384F /* nomard_1.app */;
			productType = "com.apple.product-type.application";
		};
/* End PBXNativeTarget section */

/* Begin PBXProject section */
		E6A0293929C765E00087384F /* Project object */ = {
			isa = PBXProject;
			attributes = {
				BuildIndependentTargetsInParallel = 1;
				LastSwiftUpdateCheck = 1420;
				LastUpgradeCheck = 1420;
				TargetAttributes = {
					E6A0294029C765E00087384F = {
						CreatedOnToolsVersion = 14.2;
					};
				};
			};
			buildConfigurationList = E6A0293C29C765E00087384F /* Build configuration list for PBXProject "nomard_1" */;
			compatibilityVersion = "Xcode 14.0";
			developmentRegion = en;
			hasScannedForEncodings = 0;
			knownRegions = (
				en,
				Base,
			);
			mainGroup = E6A0293829C765E00087384F;
			productRefGroup = E6A0294229C765E00087384F /* Products */;
			projectDirPath = "";
			projectRoot = "";
			targets = (
				E6A0294029C765E00087384F /* nomard_1 */,
			);
		};
/* End PBXProject section */

/* Begin PBXResourcesBuildPhase section */
		E6A0293F29C765E00087384F /* Resources */ = {
			isa = PBXResourcesBuildPhase;
			buildActionMask = 2147483647;
			files = (
				E6A0295129C765E20087384F /* LaunchScreen.storyboard in Resources */,
				E6A0294E29C765E20087384F /* Assets.xcassets in Resources */,
				E6A0294C29C765E00087384F /* Main.storyboard in Resources */,
			);
			runOnlyForDeploymentPostprocessing = 0;
		};
/* End PBXResourcesBuildPhase section */

/* Begin PBXSourcesBuildPhase section */
		E6A0293D29C765E00087384F /* Sources */ = {
			isa = PBXSourcesBuildPhase;
			buildActionMask = 2147483647;
			files = (
				E60A233D29C89FAD009728CA /* Constants.swift in Sources */,
				E6A0294929C765E00087384F /* ViewController.swift in Sources */,
				E6A0295D29C76D870087384F /* Product.swift in Sources */,
				E6A0294529C765E00087384F /* AppDelegate.swift in Sources */,
				E6A0296129C77AE80087384F /* DetailViewController.swift in Sources */,
				E6A0295F29C76F100087384F /* ProductCell.swift in Sources */,
				E6A0294729C765E00087384F /* SceneDelegate.swift in Sources */,
			);
			runOnlyForDeploymentPostprocessing = 0;
		};
/* End PBXSourcesBuildPhase section */

/* Begin PBXVariantGroup section */
		E6A0294A29C765E00087384F /* Main.storyboard */ = {
			isa = PBXVariantGroup;
			children = (
				E6A0294B29C765E00087384F /* Base */,
			);
			name = Main.storyboard;
			sourceTree = "<group>";
		};
		E6A0294F29C765E20087384F /* LaunchScreen.storyboard */ = {
			isa = PBXVariantGroup;
			children = (
				E6A0295029C765E20087384F /* Base */,
			);
			name = LaunchScreen.storyboard;
			sourceTree = "<group>";
		};
/* End PBXVariantGroup section */

/* Begin XCBuildConfiguration section */
		E6A0295329C765E20087384F /* Debug */ = {
			isa = XCBuildConfiguration;
			buildSettings = {
				ALWAYS_SEARCH_USER_PATHS = NO;
				CLANG_ANALYZER_NONNULL = YES;
				CLANG_ANALYZER_NUMBER_OBJECT_CONVERSION = YES_AGGRESSIVE;
				CLANG_CXX_LANGUAGE_STANDARD = "gnu++20";
				CLANG_ENABLE_MODULES = YES;
				CLANG_ENABLE_OBJC_ARC = YES;
				CLANG_ENABLE_OBJC_WEAK = YES;
				CLANG_WARN_BLOCK_CAPTURE_AUTORELEASING = YES;
				CLANG_WARN_BOOL_CONVERSION = YES;
				CLANG_WARN_COMMA = YES;
				CLANG_WARN_CONSTANT_CONVERSION = YES;
				CLANG_WARN_DEPRECATED_OBJC_IMPLEMENTATIONS = YES;
				CLANG_WARN_DIRECT_OBJC_ISA_USAGE = YES_ERROR;
				CLANG_WARN_DOCUMENTATION_COMMENTS = YES;
				CLANG_WARN_EMPTY_BODY = YES;
				CLANG_WARN_ENUM_CONVERSION = YES;
				CLANG_WARN_INFINITE_RECURSION = YES;
				CLANG_WARN_INT_CONVERSION = YES;
				CLANG_WARN_NON_LITERAL_NULL_CONVERSION = YES;
				CLANG_WARN_OBJC_IMPLICIT_RETAIN_SELF = YES;
				CLANG_WARN_OBJC_LITERAL_CONVERSION = YES;
				CLANG_WARN_OBJC_ROOT_CLASS = YES_ERROR;
				CLANG_WARN_QUOTED_INCLUDE_IN_FRAMEWORK_HEADER = YES;
				CLANG_WARN_RANGE_LOOP_ANALYSIS = YES;
				CLANG_WARN_STRICT_PROTOTYPES = YES;
				CLANG_WARN_SUSPICIOUS_MOVE = YES;
				CLANG_WARN_UNGUARDED_AVAILABILITY = YES_AGGRESSIVE;
				CLANG_WARN_UNREACHABLE_CODE = YES;
				CLANG_WARN__DUPLICATE_METHOD_MATCH = YES;
				COPY_PHASE_STRIP = NO;
				DEBUG_INFORMATION_FORMAT = dwarf;
				ENABLE_STRICT_OBJC_MSGSEND = YES;
				ENABLE_TESTABILITY = YES;
				GCC_C_LANGUAGE_STANDARD = gnu11;
				GCC_DYNAMIC_NO_PIC = NO;
				GCC_NO_COMMON_BLOCKS = YES;
				GCC_OPTIMIZATION_LEVEL = 0;
				GCC_PREPROCESSOR_DEFINITIONS = (
					"DEBUG=1",
					"$(inherited)",
				);
				GCC_WARN_64_TO_32_BIT_CONVERSION = YES;
				GCC_WARN_ABOUT_RETURN_TYPE = YES_ERROR;
				GCC_WARN_UNDECLARED_SELECTOR = YES;
				GCC_WARN_UNINITIALIZED_AUTOS = YES_AGGRESSIVE;
				GCC_WARN_UNUSED_FUNCTION = YES;
				GCC_WARN_UNUSED_VARIABLE = YES;
				IPHONEOS_DEPLOYMENT_TARGET = 16.2;
				MTL_ENABLE_DEBUG_INFO = INCLUDE_SOURCE;
				MTL_FAST_MATH = YES;
				ONLY_ACTIVE_ARCH = YES;
				SDKROOT = iphoneos;
				SWIFT_ACTIVE_COMPILATION_CONDITIONS = DEBUG;
				SWIFT_OPTIMIZATION_LEVEL = "-Onone";
			};
			name = Debug;
		};
		E6A0295429C765E20087384F /* Release */ = {
			isa = XCBuildConfiguration;
			buildSettings = {
				ALWAYS_SEARCH_USER_PATHS = NO;
				CLANG_ANALYZER_NONNULL = YES;
				CLANG_ANALYZER_NUMBER_OBJECT_CONVERSION = YES_AGGRESSIVE;
				CLANG_CXX_LANGUAGE_STANDARD = "gnu++20";
				CLANG_ENABLE_MODULES = YES;
				CLANG_ENABLE_OBJC_ARC = YES;
				CLANG_ENABLE_OBJC_WEAK = YES;
				CLANG_WARN_BLOCK_CAPTURE_AUTORELEASING = YES;
				CLANG_WARN_BOOL_CONVERSION = YES;
				CLANG_WARN_COMMA = YES;
				CLANG_WARN_CONSTANT_CONVERSION = YES;
				CLANG_WARN_DEPRECATED_OBJC_IMPLEMENTATIONS = YES;
				CLANG_WARN_DIRECT_OBJC_ISA_USAGE = YES_ERROR;
				CLANG_WARN_DOCUMENTATION_COMMENTS = YES;
				CLANG_WARN_EMPTY_BODY = YES;
				CLANG_WARN_ENUM_CONVERSION = YES;
				CLANG_WARN_INFINITE_RECURSION = YES;
				CLANG_WARN_INT_CONVERSION = YES;
				CLANG_WARN_NON_LITERAL_NULL_CONVERSION = YES;
				CLANG_WARN_OBJC_IMPLICIT_RETAIN_SELF = YES;
				CLANG_WARN_OBJC_LITERAL_CONVERSION = YES;
				CLANG_WARN_OBJC_ROOT_CLASS = YES_ERROR;
				CLANG_WARN_QUOTED_INCLUDE_IN_FRAMEWORK_HEADER = YES;
				CLANG_WARN_RANGE_LOOP_ANALYSIS = YES;
				CLANG_WARN_STRICT_PROTOTYPES = YES;
				CLANG_WARN_SUSPICIOUS_MOVE = YES;
				CLANG_WARN_UNGUARDED_AVAILABILITY = YES_AGGRESSIVE;
				CLANG_WARN_UNREACHABLE_CODE = YES;
				CLANG_WARN__DUPLICATE_METHOD_MATCH = YES;
				COPY_PHASE_STRIP = NO;
				DEBUG_INFORMATION_FORMAT = "dwarf-with-dsym";
				ENABLE_NS_ASSERTIONS = NO;
				ENABLE_STRICT_OBJC_MSGSEND = YES;
				GCC_C_LANGUAGE_STANDARD = gnu11;
				GCC_NO_COMMON_BLOCKS = YES;
				GCC_WARN_64_TO_32_BIT_CONVERSION = YES;
				GCC_WARN_ABOUT_RETURN_TYPE = YES_ERROR;
				GCC_WARN_UNDECLARED_SELECTOR = YES;
				GCC_WARN_UNINITIALIZED_AUTOS = YES_AGGRESSIVE;
				GCC_WARN_UNUSED_FUNCTION = YES;
				GCC_WARN_UNUSED_VARIABLE = YES;
				IPHONEOS_DEPLOYMENT_TARGET = 16.2;
				MTL_ENABLE_DEBUG_INFO = NO;
				MTL_FAST_MATH = YES;
				SDKROOT = iphoneos;
				SWIFT_COMPILATION_MODE = wholemodule;
				SWIFT_OPTIMIZATION_LEVEL = "-O";
				VALIDATE_PRODUCT = YES;
			};
			name = Release;
		};
		E6A0295629C765E20087384F /* Debug */ = {
			isa = XCBuildConfiguration;
			buildSettings = {
				ASSETCATALOG_COMPILER_APPICON_NAME = AppIcon;
				ASSETCATALOG_COMPILER_GLOBAL_ACCENT_COLOR_NAME = AccentColor;
				CODE_SIGN_STYLE = Automatic;
				CURRENT_PROJECT_VERSION = 1;
				GENERATE_INFOPLIST_FILE = YES;
				INFOPLIST_FILE = nomard_1/Info.plist;
				INFOPLIST_KEY_UIApplicationSupportsIndirectInputEvents = YES;
				INFOPLIST_KEY_UILaunchStoryboardName = LaunchScreen;
				INFOPLIST_KEY_UIMainStoryboardFile = Main;
				INFOPLIST_KEY_UISupportedInterfaceOrientations_iPad = "UIInterfaceOrientationPortrait UIInterfaceOrientationPortraitUpsideDown UIInterfaceOrientationLandscapeLeft UIInterfaceOrientationLandscapeRight";
				INFOPLIST_KEY_UISupportedInterfaceOrientations_iPhone = "UIInterfaceOrientationPortrait UIInterfaceOrientationLandscapeLeft UIInterfaceOrientationLandscapeRight";
				LD_RUNPATH_SEARCH_PATHS = (
					"$(inherited)",
					"@executable_path/Frameworks",
				);
				MARKETING_VERSION = 1.0;
				PRODUCT_BUNDLE_IDENTIFIER = "com.yourcompany.nomard-1";
				PRODUCT_NAME = "$(TARGET_NAME)";
				SUPPORTED_PLATFORMS = "iphoneos iphonesimulator";
				SUPPORTS_MACCATALYST = NO;
				SUPPORTS_MAC_DESIGNED_FOR_IPHONE_IPAD = NO;
				SWIFT_EMIT_LOC_STRINGS = YES;
				SWIFT_VERSION = 5.0;
				TARGETED_DEVICE_FAMILY = 1;
			};
			name = Debug;
		};
		E6A0295729C765E20087384F /* Release */ = {
			isa = XCBuildConfiguration;
			buildSettings = {
				ASSETCATALOG_COMPILER_APPICON_NAME = AppIcon;
				ASSETCATALOG_COMPILER_GLOBAL_ACCENT_COLOR_NAME = AccentColor;
				CODE_SIGN_STYLE = Automatic;
				CURRENT_PROJECT_VERSION = 1;
				GENERATE_INFOPLIST_FILE = YES;
				INFOPLIST_FILE = nomard_1/Info.plist;
				INFOPLIST_KEY_UIApplicationSupportsIndirectInputEvents = YES;
				INFOPLIST_KEY_UILaunchStoryboardName = LaunchScreen;
				INFOPLIST_KEY_UIMainStoryboardFile = Main;
				INFOPLIST_KEY_UISupportedInterfaceOrientations_iPad = "UIInterfaceOrientationPortrait UIInterfaceOrientationPortraitUpsideDown UIInterfaceOrientationLandscapeLeft UIInterfaceOrientationLandscapeRight";
				INFOPLIST_KEY_UISupportedInterfaceOrientations_iPhone = "UIInterfaceOrientationPortrait UIInterfaceOrientationLandscapeLeft UIInterfaceOrientationLandscapeRight";
				LD_RUNPATH_SEARCH_PATHS = (
					"$(inherited)",
					"@executable_path/Frameworks",
				);
				MARKETING_VERSION = 1.0;
				PRODUCT_BUNDLE_IDENTIFIER = "com.yourcompany.nomard-1";
				PRODUCT_NAME = "$(TARGET_NAME)";
				SUPPORTED_PLATFORMS = "iphoneos iphonesimulator";
				SUPPORTS_MACCATALYST = NO;
				SUPPORTS_MAC_DESIGNED_FOR_IPHONE_IPAD = NO;
				SWIFT_EMIT_LOC_STRINGS = YES;
				SWIFT_VERSION = 5.0;
				TARGETED_DEVICE_FAMILY = 1;
			};
			name = Release;
		};
/* End XCBuildConfiguration section */

/* Begin XCConfigurationList section */
		E6A0293C29C765E00087384F /* Build configuration list for PBXProject "nomard_1" */ = {
			isa = XCConfigurationList;
			buildConfigurations = (
				E6A0295329C765E20087384F /* Debug */,
				E6A0295429C765E20087384F /* Release */,
			);
			defaultConfigurationIsVisible = 0;
			defaultConfigurationName = Release;
		};
		E6A0295529C765E20087384F /* Build configuration list for PBXNativeTarget "nomard_1" */ = {
			isa = XCConfigurationList;
			buildConfigurations = (
				E6A0295629C765E20087384F /* Debug */,
				E6A0295729C765E20087384F /* Release */,
			);
			defaultConfigurationIsVisible = 0;
			defaultConfigurationName = Release;
		};
/* End XCConfigurationList section */
	};
	rootObject = E6A0293929C765E00087384F /* Project object */;
}
