// !$*UTF8*$!
{
	archiveVersion = 1;
	classes = {
	};
	objectVersion = 56;
	objects = {

/* Begin PBXBuildFile section */
		E6B7B18729BF3B7D00046203 /* AppDelegate.swift in Sources */ = {isa = PBXBuildFile; fileRef = E6B7B18629BF3B7D00046203 /* AppDelegate.swift */; };
		E6B7B18929BF3B7D00046203 /* SceneDelegate.swift in Sources */ = {isa = PBXBuildFile; fileRef = E6B7B18829BF3B7D00046203 /* SceneDelegate.swift */; };
		E6B7B18B29BF3B7D00046203 /* ViewController.swift in Sources */ = {isa = PBXBuildFile; fileRef = E6B7B18A29BF3B7D00046203 /* ViewController.swift */; };
		E6B7B18E29BF3B7D00046203 /* Main.storyboard in Resources */ = {isa = PBXBuildFile; fileRef = E6B7B18C29BF3B7D00046203 /* Main.storyboard */; };
		E6B7B19029BF3B7F00046203 /* Assets.xcassets in Resources */ = {isa = PBXBuildFile; fileRef = E6B7B18F29BF3B7F00046203 /* Assets.xcassets */; };
		E6B7B19329BF3B7F00046203 /* LaunchScreen.storyboard in Resources */ = {isa = PBXBuildFile; fileRef = E6B7B19129BF3B7F00046203 /* LaunchScreen.storyboard */; };
		E6B7B19B29BF665C00046203 /* ProductCell.swift in Sources */ = {isa = PBXBuildFile; fileRef = E6B7B19A29BF665C00046203 /* ProductCell.swift */; };
		E6B7B19F29BF6F1100046203 /* Product.swift in Sources */ = {isa = PBXBuildFile; fileRef = E6B7B19E29BF6F1100046203 /* Product.swift */; };
/* End PBXBuildFile section */

/* Begin PBXFileReference section */
		E6B7B18329BF3B7D00046203 /* Nomardmp3.app */ = {isa = PBXFileReference; explicitFileType = wrapper.application; includeInIndex = 0; path = Nomardmp3.app; sourceTree = BUILT_PRODUCTS_DIR; };
		E6B7B18629BF3B7D00046203 /* AppDelegate.swift */ = {isa = PBXFileReference; lastKnownFileType = sourcecode.swift; path = AppDelegate.swift; sourceTree = "<group>"; };
		E6B7B18829BF3B7D00046203 /* SceneDelegate.swift */ = {isa = PBXFileReference; lastKnownFileType = sourcecode.swift; path = SceneDelegate.swift; sourceTree = "<group>"; };
		E6B7B18A29BF3B7D00046203 /* ViewController.swift */ = {isa = PBXFileReference; lastKnownFileType = sourcecode.swift; path = ViewController.swift; sourceTree = "<group>"; };
		E6B7B18D29BF3B7D00046203 /* Base */ = {isa = PBXFileReference; lastKnownFileType = file.storyboard; name = Base; path = Base.lproj/Main.storyboard; sourceTree = "<group>"; };
		E6B7B18F29BF3B7F00046203 /* Assets.xcassets */ = {isa = PBXFileReference; lastKnownFileType = folder.assetcatalog; path = Assets.xcassets; sourceTree = "<group>"; };
		E6B7B19229BF3B7F00046203 /* Base */ = {isa = PBXFileReference; lastKnownFileType = file.storyboard; name = Base; path = Base.lproj/LaunchScreen.storyboard; sourceTree = "<group>"; };
		E6B7B19429BF3B7F00046203 /* Info.plist */ = {isa = PBXFileReference; lastKnownFileType = text.plist.xml; path = Info.plist; sourceTree = "<group>"; };
		E6B7B19A29BF665C00046203 /* ProductCell.swift */ = {isa = PBXFileReference; lastKnownFileType = sourcecode.swift; path = ProductCell.swift; sourceTree = "<group>"; };
		E6B7B19E29BF6F1100046203 /* Product.swift */ = {isa = PBXFileReference; lastKnownFileType = sourcecode.swift; path = Product.swift; sourceTree = "<group>"; };
/* End PBXFileReference section */

/* Begin PBXFrameworksBuildPhase section */
		E6B7B18029BF3B7D00046203 /* Frameworks */ = {
			isa = PBXFrameworksBuildPhase;
			buildActionMask = 2147483647;
			files = (
			);
			runOnlyForDeploymentPostprocessing = 0;
		};
/* End PBXFrameworksBuildPhase section */

/* Begin PBXGroup section */
		E6B7B17A29BF3B7D00046203 = {
			isa = PBXGroup;
			children = (
				E6B7B18529BF3B7D00046203 /* Nomardmp3 */,
				E6B7B18429BF3B7D00046203 /* Products */,
			);
			sourceTree = "<group>";
		};
		E6B7B18429BF3B7D00046203 /* Products */ = {
			isa = PBXGroup;
			children = (
				E6B7B18329BF3B7D00046203 /* Nomardmp3.app */,
			);
			name = Products;
			sourceTree = "<group>";
		};
		E6B7B18529BF3B7D00046203 /* Nomardmp3 */ = {
			isa = PBXGroup;
			children = (
				E6B7B1A029BF6F1B00046203 /* Models */,
				E6B7B18629BF3B7D00046203 /* AppDelegate.swift */,
				E6B7B18829BF3B7D00046203 /* SceneDelegate.swift */,
				E6B7B19C29BF6DE100046203 /* Views */,
				E6B7B19D29BF6DFE00046203 /* Controller */,
				E6B7B18F29BF3B7F00046203 /* Assets.xcassets */,
				E6B7B19129BF3B7F00046203 /* LaunchScreen.storyboard */,
				E6B7B19429BF3B7F00046203 /* Info.plist */,
			);
			path = Nomardmp3;
			sourceTree = "<group>";
		};
		E6B7B19C29BF6DE100046203 /* Views */ = {
			isa = PBXGroup;
			children = (
				E6B7B19A29BF665C00046203 /* ProductCell.swift */,
				E6B7B18C29BF3B7D00046203 /* Main.storyboard */,
			);
			path = Views;
			sourceTree = "<group>";
		};
		E6B7B19D29BF6DFE00046203 /* Controller */ = {
			isa = PBXGroup;
			children = (
				E6B7B18A29BF3B7D00046203 /* ViewController.swift */,
			);
			path = Controller;
			sourceTree = "<group>";
		};
		E6B7B1A029BF6F1B00046203 /* Models */ = {
			isa = PBXGroup;
			children = (
				E6B7B19E29BF6F1100046203 /* Product.swift */,
			);
			path = Models;
			sourceTree = "<group>";
		};
/* End PBXGroup section */

/* Begin PBXNativeTarget section */
		E6B7B18229BF3B7D00046203 /* Nomardmp3 */ = {
			isa = PBXNativeTarget;
			buildConfigurationList = E6B7B19729BF3B7F00046203 /* Build configuration list for PBXNativeTarget "Nomardmp3" */;
			buildPhases = (
				E6B7B17F29BF3B7D00046203 /* Sources */,
				E6B7B18029BF3B7D00046203 /* Frameworks */,
				E6B7B18129BF3B7D00046203 /* Resources */,
			);
			buildRules = (
			);
			dependencies = (
			);
			name = Nomardmp3;
			productName = Nomardmp3;
			productReference = E6B7B18329BF3B7D00046203 /* Nomardmp3.app */;
			productType = "com.apple.product-type.application";
		};
/* End PBXNativeTarget section */

/* Begin PBXProject section */
		E6B7B17B29BF3B7D00046203 /* Project object */ = {
			isa = PBXProject;
			attributes = {
				BuildIndependentTargetsInParallel = 1;
				LastSwiftUpdateCheck = 1420;
				LastUpgradeCheck = 1420;
				TargetAttributes = {
					E6B7B18229BF3B7D00046203 = {
						CreatedOnToolsVersion = 14.2;
					};
				};
			};
			buildConfigurationList = E6B7B17E29BF3B7D00046203 /* Build configuration list for PBXProject "Nomardmp3" */;
			compatibilityVersion = "Xcode 14.0";
			developmentRegion = en;
			hasScannedForEncodings = 0;
			knownRegions = (
				en,
				Base,
			);
			mainGroup = E6B7B17A29BF3B7D00046203;
			productRefGroup = E6B7B18429BF3B7D00046203 /* Products */;
			projectDirPath = "";
			projectRoot = "";
			targets = (
				E6B7B18229BF3B7D00046203 /* Nomardmp3 */,
			);
		};
/* End PBXProject section */

/* Begin PBXResourcesBuildPhase section */
		E6B7B18129BF3B7D00046203 /* Resources */ = {
			isa = PBXResourcesBuildPhase;
			buildActionMask = 2147483647;
			files = (
				E6B7B19329BF3B7F00046203 /* LaunchScreen.storyboard in Resources */,
				E6B7B19029BF3B7F00046203 /* Assets.xcassets in Resources */,
				E6B7B18E29BF3B7D00046203 /* Main.storyboard in Resources */,
			);
			runOnlyForDeploymentPostprocessing = 0;
		};
/* End PBXResourcesBuildPhase section */

/* Begin PBXSourcesBuildPhase section */
		E6B7B17F29BF3B7D00046203 /* Sources */ = {
			isa = PBXSourcesBuildPhase;
			buildActionMask = 2147483647;
			files = (
				E6B7B18B29BF3B7D00046203 /* ViewController.swift in Sources */,
				E6B7B19B29BF665C00046203 /* ProductCell.swift in Sources */,
				E6B7B19F29BF6F1100046203 /* Product.swift in Sources */,
				E6B7B18729BF3B7D00046203 /* AppDelegate.swift in Sources */,
				E6B7B18929BF3B7D00046203 /* SceneDelegate.swift in Sources */,
			);
			runOnlyForDeploymentPostprocessing = 0;
		};
/* End PBXSourcesBuildPhase section */

/* Begin PBXVariantGroup section */
		E6B7B18C29BF3B7D00046203 /* Main.storyboard */ = {
			isa = PBXVariantGroup;
			children = (
				E6B7B18D29BF3B7D00046203 /* Base */,
			);
			name = Main.storyboard;
			sourceTree = "<group>";
		};
		E6B7B19129BF3B7F00046203 /* LaunchScreen.storyboard */ = {
			isa = PBXVariantGroup;
			children = (
				E6B7B19229BF3B7F00046203 /* Base */,
			);
			name = LaunchScreen.storyboard;
			sourceTree = "<group>";
		};
/* End PBXVariantGroup section */

/* Begin XCBuildConfiguration section */
		E6B7B19529BF3B7F00046203 /* Debug */ = {
			isa = XCBuildConfiguration;
			buildSettings = {
				ALWAYS_SEARCH_USER_PATHS = NO;
				CLANG_ANALYZER_NONNULL = YES;
				CLANG_ANALYZER_NUMBER_OBJECT_CONVERSION = YES_AGGRESSIVE;
				CLANG_CXX_LANGUAGE_STANDARD = "gnu++20";
				CLANG_ENABLE_MODULES = YES;
				CLANG_ENABLE_OBJC_ARC = YES;
				CLANG_ENABLE_OBJC_WEAK = YES;
				CLANG_WARN_BLOCK_CAPTURE_AUTORELEASING = YES;
				CLANG_WARN_BOOL_CONVERSION = YES;
				CLANG_WARN_COMMA = YES;
				CLANG_WARN_CONSTANT_CONVERSION = YES;
				CLANG_WARN_DEPRECATED_OBJC_IMPLEMENTATIONS = YES;
				CLANG_WARN_DIRECT_OBJC_ISA_USAGE = YES_ERROR;
				CLANG_WARN_DOCUMENTATION_COMMENTS = YES;
				CLANG_WARN_EMPTY_BODY = YES;
				CLANG_WARN_ENUM_CONVERSION = YES;
				CLANG_WARN_INFINITE_RECURSION = YES;
				CLANG_WARN_INT_CONVERSION = YES;
				CLANG_WARN_NON_LITERAL_NULL_CONVERSION = YES;
				CLANG_WARN_OBJC_IMPLICIT_RETAIN_SELF = YES;
				CLANG_WARN_OBJC_LITERAL_CONVERSION = YES;
				CLANG_WARN_OBJC_ROOT_CLASS = YES_ERROR;
				CLANG_WARN_QUOTED_INCLUDE_IN_FRAMEWORK_HEADER = YES;
				CLANG_WARN_RANGE_LOOP_ANALYSIS = YES;
				CLANG_WARN_STRICT_PROTOTYPES = YES;
				CLANG_WARN_SUSPICIOUS_MOVE = YES;
				CLANG_WARN_UNGUARDED_AVAILABILITY = YES_AGGRESSIVE;
				CLANG_WARN_UNREACHABLE_CODE = YES;
				CLANG_WARN__DUPLICATE_METHOD_MATCH = YES;
				COPY_PHASE_STRIP = NO;
				DEBUG_INFORMATION_FORMAT = dwarf;
				ENABLE_STRICT_OBJC_MSGSEND = YES;
				ENABLE_TESTABILITY = YES;
				GCC_C_LANGUAGE_STANDARD = gnu11;
				GCC_DYNAMIC_NO_PIC = NO;
				GCC_NO_COMMON_BLOCKS = YES;
				GCC_OPTIMIZATION_LEVEL = 0;
				GCC_PREPROCESSOR_DEFINITIONS = (
					"DEBUG=1",
					"$(inherited)",
				);
				GCC_WARN_64_TO_32_BIT_CONVERSION = YES;
				GCC_WARN_ABOUT_RETURN_TYPE = YES_ERROR;
				GCC_WARN_UNDECLARED_SELECTOR = YES;
				GCC_WARN_UNINITIALIZED_AUTOS = YES_AGGRESSIVE;
				GCC_WARN_UNUSED_FUNCTION = YES;
				GCC_WARN_UNUSED_VARIABLE = YES;
				IPHONEOS_DEPLOYMENT_TARGET = 16.2;
				MTL_ENABLE_DEBUG_INFO = INCLUDE_SOURCE;
				MTL_FAST_MATH = YES;
				ONLY_ACTIVE_ARCH = YES;
				SDKROOT = iphoneos;
				SWIFT_ACTIVE_COMPILATION_CONDITIONS = DEBUG;
				SWIFT_OPTIMIZATION_LEVEL = "-Onone";
			};
			name = Debug;
		};
		E6B7B19629BF3B7F00046203 /* Release */ = {
			isa = XCBuildConfiguration;
			buildSettings = {
				ALWAYS_SEARCH_USER_PATHS = NO;
				CLANG_ANALYZER_NONNULL = YES;
				CLANG_ANALYZER_NUMBER_OBJECT_CONVERSION = YES_AGGRESSIVE;
				CLANG_CXX_LANGUAGE_STANDARD = "gnu++20";
				CLANG_ENABLE_MODULES = YES;
				CLANG_ENABLE_OBJC_ARC = YES;
				CLANG_ENABLE_OBJC_WEAK = YES;
				CLANG_WARN_BLOCK_CAPTURE_AUTORELEASING = YES;
				CLANG_WARN_BOOL_CONVERSION = YES;
				CLANG_WARN_COMMA = YES;
				CLANG_WARN_CONSTANT_CONVERSION = YES;
				CLANG_WARN_DEPRECATED_OBJC_IMPLEMENTATIONS = YES;
				CLANG_WARN_DIRECT_OBJC_ISA_USAGE = YES_ERROR;
				CLANG_WARN_DOCUMENTATION_COMMENTS = YES;
				CLANG_WARN_EMPTY_BODY = YES;
				CLANG_WARN_ENUM_CONVERSION = YES;
				CLANG_WARN_INFINITE_RECURSION = YES;
				CLANG_WARN_INT_CONVERSION = YES;
				CLANG_WARN_NON_LITERAL_NULL_CONVERSION = YES;
				CLANG_WARN_OBJC_IMPLICIT_RETAIN_SELF = YES;
				CLANG_WARN_OBJC_LITERAL_CONVERSION = YES;
				CLANG_WARN_OBJC_ROOT_CLASS = YES_ERROR;
				CLANG_WARN_QUOTED_INCLUDE_IN_FRAMEWORK_HEADER = YES;
				CLANG_WARN_RANGE_LOOP_ANALYSIS = YES;
				CLANG_WARN_STRICT_PROTOTYPES = YES;
				CLANG_WARN_SUSPICIOUS_MOVE = YES;
				CLANG_WARN_UNGUARDED_AVAILABILITY = YES_AGGRESSIVE;
				CLANG_WARN_UNREACHABLE_CODE = YES;
				CLANG_WARN__DUPLICATE_METHOD_MATCH = YES;
				COPY_PHASE_STRIP = NO;
				DEBUG_INFORMATION_FORMAT = "dwarf-with-dsym";
				ENABLE_NS_ASSERTIONS = NO;
				ENABLE_STRICT_OBJC_MSGSEND = YES;
				GCC_C_LANGUAGE_STANDARD = gnu11;
				GCC_NO_COMMON_BLOCKS = YES;
				GCC_WARN_64_TO_32_BIT_CONVERSION = YES;
				GCC_WARN_ABOUT_RETURN_TYPE = YES_ERROR;
				GCC_WARN_UNDECLARED_SELECTOR = YES;
				GCC_WARN_UNINITIALIZED_AUTOS = YES_AGGRESSIVE;
				GCC_WARN_UNUSED_FUNCTION = YES;
				GCC_WARN_UNUSED_VARIABLE = YES;
				IPHONEOS_DEPLOYMENT_TARGET = 16.2;
				MTL_ENABLE_DEBUG_INFO = NO;
				MTL_FAST_MATH = YES;
				SDKROOT = iphoneos;
				SWIFT_COMPILATION_MODE = wholemodule;
				SWIFT_OPTIMIZATION_LEVEL = "-O";
				VALIDATE_PRODUCT = YES;
			};
			name = Release;
		};
		E6B7B19829BF3B7F00046203 /* Debug */ = {
			isa = XCBuildConfiguration;
			buildSettings = {
				ASSETCATALOG_COMPILER_APPICON_NAME = AppIcon;
				ASSETCATALOG_COMPILER_GLOBAL_ACCENT_COLOR_NAME = AccentColor;
				CODE_SIGN_STYLE = Automatic;
				CURRENT_PROJECT_VERSION = 1;
				GENERATE_INFOPLIST_FILE = YES;
				INFOPLIST_FILE = Nomardmp3/Info.plist;
				INFOPLIST_KEY_UIApplicationSupportsIndirectInputEvents = YES;
				INFOPLIST_KEY_UILaunchStoryboardName = LaunchScreen;
				INFOPLIST_KEY_UIMainStoryboardFile = Main;
				INFOPLIST_KEY_UISupportedInterfaceOrientations_iPad = "UIInterfaceOrientationPortrait UIInterfaceOrientationPortraitUpsideDown UIInterfaceOrientationLandscapeLeft UIInterfaceOrientationLandscapeRight";
				INFOPLIST_KEY_UISupportedInterfaceOrientations_iPhone = "UIInterfaceOrientationPortrait UIInterfaceOrientationLandscapeLeft UIInterfaceOrientationLandscapeRight";
				LD_RUNPATH_SEARCH_PATHS = (
					"$(inherited)",
					"@executable_path/Frameworks",
				);
				MARKETING_VERSION = 1.0;
				PRODUCT_BUNDLE_IDENTIFIER = com.yourcompany.Nomardmp3;
				PRODUCT_NAME = "$(TARGET_NAME)";
				SUPPORTED_PLATFORMS = "iphoneos iphonesimulator";
				SUPPORTS_MACCATALYST = NO;
				SUPPORTS_MAC_DESIGNED_FOR_IPHONE_IPAD = NO;
				SWIFT_EMIT_LOC_STRINGS = YES;
				SWIFT_VERSION = 5.0;
				TARGETED_DEVICE_FAMILY = 1;
			};
			name = Debug;
		};
		E6B7B19929BF3B7F00046203 /* Release */ = {
			isa = XCBuildConfiguration;
			buildSettings = {
				ASSETCATALOG_COMPILER_APPICON_NAME = AppIcon;
				ASSETCATALOG_COMPILER_GLOBAL_ACCENT_COLOR_NAME = AccentColor;
				CODE_SIGN_STYLE = Automatic;
				CURRENT_PROJECT_VERSION = 1;
				GENERATE_INFOPLIST_FILE = YES;
				INFOPLIST_FILE = Nomardmp3/Info.plist;
				INFOPLIST_KEY_UIApplicationSupportsIndirectInputEvents = YES;
				INFOPLIST_KEY_UILaunchStoryboardName = LaunchScreen;
				INFOPLIST_KEY_UIMainStoryboardFile = Main;
				INFOPLIST_KEY_UISupportedInterfaceOrientations_iPad = "UIInterfaceOrientationPortrait UIInterfaceOrientationPortraitUpsideDown UIInterfaceOrientationLandscapeLeft UIInterfaceOrientationLandscapeRight";
				INFOPLIST_KEY_UISupportedInterfaceOrientations_iPhone = "UIInterfaceOrientationPortrait UIInterfaceOrientationLandscapeLeft UIInterfaceOrientationLandscapeRight";
				LD_RUNPATH_SEARCH_PATHS = (
					"$(inherited)",
					"@executable_path/Frameworks",
				);
				MARKETING_VERSION = 1.0;
				PRODUCT_BUNDLE_IDENTIFIER = com.yourcompany.Nomardmp3;
				PRODUCT_NAME = "$(TARGET_NAME)";
				SUPPORTED_PLATFORMS = "iphoneos iphonesimulator";
				SUPPORTS_MACCATALYST = NO;
				SUPPORTS_MAC_DESIGNED_FOR_IPHONE_IPAD = NO;
				SWIFT_EMIT_LOC_STRINGS = YES;
				SWIFT_VERSION = 5.0;
				TARGETED_DEVICE_FAMILY = 1;
			};
			name = Release;
		};
/* End XCBuildConfiguration section */

/* Begin XCConfigurationList section */
		E6B7B17E29BF3B7D00046203 /* Build configuration list for PBXProject "Nomardmp3" */ = {
			isa = XCConfigurationList;
			buildConfigurations = (
				E6B7B19529BF3B7F00046203 /* Debug */,
				E6B7B19629BF3B7F00046203 /* Release */,
			);
			defaultConfigurationIsVisible = 0;
			defaultConfigurationName = Release;
		};
		E6B7B19729BF3B7F00046203 /* Build configuration list for PBXNativeTarget "Nomardmp3" */ = {
			isa = XCConfigurationList;
			buildConfigurations = (
				E6B7B19829BF3B7F00046203 /* Debug */,
				E6B7B19929BF3B7F00046203 /* Release */,
			);
			defaultConfigurationIsVisible = 0;
			defaultConfigurationName = Release;
		};
/* End XCConfigurationList section */
	};
	rootObject = E6B7B17B29BF3B7D00046203 /* Project object */;
}
