// !$*UTF8*$!
{
	archiveVersion = 1;
	classes = {
	};
	objectVersion = 51;
	objects = {

/* Begin PBXBuildFile section */
		AB1FB579ECA32E9DAF160C80 /* Pods_VerticalcardswiperTutorial_iOS.framework in Frameworks */ = {isa = PBXBuildFile; fileRef = 1BFE139AFC4DDB41577318F7 /* Pods_VerticalcardswiperTutorial_iOS.framework */; };
		F814DDF026BB8A3000AF6921 /* VerticalCardSwiperCell.swift in Sources */ = {isa = PBXBuildFile; fileRef = F814DDEE26BB8A3000AF6921 /* VerticalCardSwiperCell.swift */; };
		F814DDF126BB8A3000AF6921 /* VerticalCardSwiperCell.xib in Resources */ = {isa = PBXBuildFile; fileRef = F814DDEF26BB8A3000AF6921 /* VerticalCardSwiperCell.xib */; };
		F8EF187026BAE18A00C4D560 /* AppDelegate.swift in Sources */ = {isa = PBXBuildFile; fileRef = F8EF186F26BAE18A00C4D560 /* AppDelegate.swift */; };
		F8EF187226BAE18A00C4D560 /* SceneDelegate.swift in Sources */ = {isa = PBXBuildFile; fileRef = F8EF187126BAE18A00C4D560 /* SceneDelegate.swift */; };
		F8EF187426BAE18A00C4D560 /* ViewController.swift in Sources */ = {isa = PBXBuildFile; fileRef = F8EF187326BAE18A00C4D560 /* ViewController.swift */; };
		F8EF187726BAE18A00C4D560 /* Main.storyboard in Resources */ = {isa = PBXBuildFile; fileRef = F8EF187526BAE18A00C4D560 /* Main.storyboard */; };
		F8EF187926BAE18B00C4D560 /* Assets.xcassets in Resources */ = {isa = PBXBuildFile; fileRef = F8EF187826BAE18B00C4D560 /* Assets.xcassets */; };
		F8EF187C26BAE18B00C4D560 /* LaunchScreen.storyboard in Resources */ = {isa = PBXBuildFile; fileRef = F8EF187A26BAE18B00C4D560 /* LaunchScreen.storyboard */; };
		F8FC434A26BE0D980033E151 /* CustomPresentationController.swift in Sources */ = {isa = PBXBuildFile; fileRef = F8FC434926BE0D980033E151 /* CustomPresentationController.swift */; };
		F8FC434D26BEBA250033E151 /* DetailCardViewController.swift in Sources */ = {isa = PBXBuildFile; fileRef = F8FC434B26BEBA250033E151 /* DetailCardViewController.swift */; };
		F8FC435026BEBA9C0033E151 /* PopAnimator.swift in Sources */ = {isa = PBXBuildFile; fileRef = F8FC434F26BEBA9C0033E151 /* PopAnimator.swift */; };
		F8FC435426BEE39A0033E151 /* DetailScrollView.swift in Sources */ = {isa = PBXBuildFile; fileRef = F8FC435326BEE39A0033E151 /* DetailScrollView.swift */; };
/* End PBXBuildFile section */

/* Begin PBXFileReference section */
		1BFE139AFC4DDB41577318F7 /* Pods_VerticalcardswiperTutorial_iOS.framework */ = {isa = PBXFileReference; explicitFileType = wrapper.framework; includeInIndex = 0; path = Pods_VerticalcardswiperTutorial_iOS.framework; sourceTree = BUILT_PRODUCTS_DIR; };
		B2B62D99A9734D6B6A953A57 /* Pods-VerticalcardswiperTutorial-iOS.release.xcconfig */ = {isa = PBXFileReference; includeInIndex = 1; lastKnownFileType = text.xcconfig; name = "Pods-VerticalcardswiperTutorial-iOS.release.xcconfig"; path = "Target Support Files/Pods-VerticalcardswiperTutorial-iOS/Pods-VerticalcardswiperTutorial-iOS.release.xcconfig"; sourceTree = "<group>"; };
		D18BB6809E2D7FD91B87A7F6 /* Pods-VerticalcardswiperTutorial-iOS.debug.xcconfig */ = {isa = PBXFileReference; includeInIndex = 1; lastKnownFileType = text.xcconfig; name = "Pods-VerticalcardswiperTutorial-iOS.debug.xcconfig"; path = "Target Support Files/Pods-VerticalcardswiperTutorial-iOS/Pods-VerticalcardswiperTutorial-iOS.debug.xcconfig"; sourceTree = "<group>"; };
		F814DDEE26BB8A3000AF6921 /* VerticalCardSwiperCell.swift */ = {isa = PBXFileReference; lastKnownFileType = sourcecode.swift; path = VerticalCardSwiperCell.swift; sourceTree = "<group>"; };
		F814DDEF26BB8A3000AF6921 /* VerticalCardSwiperCell.xib */ = {isa = PBXFileReference; lastKnownFileType = file.xib; path = VerticalCardSwiperCell.xib; sourceTree = "<group>"; };
		F8EF186C26BAE18A00C4D560 /* VerticalcardswiperTutorial-iOS.app */ = {isa = PBXFileReference; explicitFileType = wrapper.application; includeInIndex = 0; path = "VerticalcardswiperTutorial-iOS.app"; sourceTree = BUILT_PRODUCTS_DIR; };
		F8EF186F26BAE18A00C4D560 /* AppDelegate.swift */ = {isa = PBXFileReference; lastKnownFileType = sourcecode.swift; path = AppDelegate.swift; sourceTree = "<group>"; };
		F8EF187126BAE18A00C4D560 /* SceneDelegate.swift */ = {isa = PBXFileReference; lastKnownFileType = sourcecode.swift; path = SceneDelegate.swift; sourceTree = "<group>"; };
		F8EF187326BAE18A00C4D560 /* ViewController.swift */ = {isa = PBXFileReference; lastKnownFileType = sourcecode.swift; path = ViewController.swift; sourceTree = "<group>"; };
		F8EF187626BAE18A00C4D560 /* Base */ = {isa = PBXFileReference; lastKnownFileType = file.storyboard; name = Base; path = Base.lproj/Main.storyboard; sourceTree = "<group>"; };
		F8EF187826BAE18B00C4D560 /* Assets.xcassets */ = {isa = PBXFileReference; lastKnownFileType = folder.assetcatalog; path = Assets.xcassets; sourceTree = "<group>"; };
		F8EF187B26BAE18B00C4D560 /* Base */ = {isa = PBXFileReference; lastKnownFileType = file.storyboard; name = Base; path = Base.lproj/LaunchScreen.storyboard; sourceTree = "<group>"; };
		F8EF187D26BAE18B00C4D560 /* Info.plist */ = {isa = PBXFileReference; lastKnownFileType = text.plist.xml; path = Info.plist; sourceTree = "<group>"; };
		F8FC434926BE0D980033E151 /* CustomPresentationController.swift */ = {isa = PBXFileReference; lastKnownFileType = sourcecode.swift; path = CustomPresentationController.swift; sourceTree = "<group>"; };
		F8FC434B26BEBA250033E151 /* DetailCardViewController.swift */ = {isa = PBXFileReference; lastKnownFileType = sourcecode.swift; path = DetailCardViewController.swift; sourceTree = "<group>"; };
		F8FC434F26BEBA9C0033E151 /* PopAnimator.swift */ = {isa = PBXFileReference; lastKnownFileType = sourcecode.swift; path = PopAnimator.swift; sourceTree = "<group>"; };
		F8FC435326BEE39A0033E151 /* DetailScrollView.swift */ = {isa = PBXFileReference; lastKnownFileType = sourcecode.swift; path = DetailScrollView.swift; sourceTree = "<group>"; };
/* End PBXFileReference section */

/* Begin PBXFrameworksBuildPhase section */
		F8EF186926BAE18A00C4D560 /* Frameworks */ = {
			isa = PBXFrameworksBuildPhase;
			buildActionMask = 2147483647;
			files = (
				AB1FB579ECA32E9DAF160C80 /* Pods_VerticalcardswiperTutorial_iOS.framework in Frameworks */,
			);
			runOnlyForDeploymentPostprocessing = 0;
		};
/* End PBXFrameworksBuildPhase section */

/* Begin PBXGroup section */
		0A70F78AF56CAA14A9CCD2BD /* Frameworks */ = {
			isa = PBXGroup;
			children = (
				1BFE139AFC4DDB41577318F7 /* Pods_VerticalcardswiperTutorial_iOS.framework */,
			);
			name = Frameworks;
			sourceTree = "<group>";
		};
		5676ACDCDA12CE0436E67303 /* Pods */ = {
			isa = PBXGroup;
			children = (
				D18BB6809E2D7FD91B87A7F6 /* Pods-VerticalcardswiperTutorial-iOS.debug.xcconfig */,
				B2B62D99A9734D6B6A953A57 /* Pods-VerticalcardswiperTutorial-iOS.release.xcconfig */,
			);
			path = Pods;
			sourceTree = "<group>";
		};
		F8EF186326BAE18A00C4D560 = {
			isa = PBXGroup;
			children = (
				F8EF186E26BAE18A00C4D560 /* VerticalcardswiperTutorial-iOS */,
				F8EF186D26BAE18A00C4D560 /* Products */,
				5676ACDCDA12CE0436E67303 /* Pods */,
				0A70F78AF56CAA14A9CCD2BD /* Frameworks */,
			);
			sourceTree = "<group>";
		};
		F8EF186D26BAE18A00C4D560 /* Products */ = {
			isa = PBXGroup;
			children = (
				F8EF186C26BAE18A00C4D560 /* VerticalcardswiperTutorial-iOS.app */,
			);
			name = Products;
			sourceTree = "<group>";
		};
		F8EF186E26BAE18A00C4D560 /* VerticalcardswiperTutorial-iOS */ = {
			isa = PBXGroup;
			children = (
				F8EF186F26BAE18A00C4D560 /* AppDelegate.swift */,
				F8EF187126BAE18A00C4D560 /* SceneDelegate.swift */,
				F8EF187826BAE18B00C4D560 /* Assets.xcassets */,
				F8EF187D26BAE18B00C4D560 /* Info.plist */,
				F8EF187A26BAE18B00C4D560 /* LaunchScreen.storyboard */,
				F8FC435826BEEBBB0033E151 /* Cells */,
				F8FC435726BEEBA20033E151 /* View */,
				F8FC435626BEEB980033E151 /* Controller */,
				F8FC435526BEEB920033E151 /* Model */,
			);
			path = "VerticalcardswiperTutorial-iOS";
			sourceTree = "<group>";
		};
		F8FC435526BEEB920033E151 /* Model */ = {
			isa = PBXGroup;
			children = (
				F8FC434F26BEBA9C0033E151 /* PopAnimator.swift */,
			);
			path = Model;
			sourceTree = "<group>";
		};
		F8FC435626BEEB980033E151 /* Controller */ = {
			isa = PBXGroup;
			children = (
				F8EF187326BAE18A00C4D560 /* ViewController.swift */,
				F8FC434926BE0D980033E151 /* CustomPresentationController.swift */,
				F8FC434B26BEBA250033E151 /* DetailCardViewController.swift */,
			);
			path = Controller;
			sourceTree = "<group>";
		};
		F8FC435726BEEBA20033E151 /* View */ = {
			isa = PBXGroup;
			children = (
				F8EF187526BAE18A00C4D560 /* Main.storyboard */,
				F8FC435326BEE39A0033E151 /* DetailScrollView.swift */,
			);
			path = View;
			sourceTree = "<group>";
		};
		F8FC435826BEEBBB0033E151 /* Cells */ = {
			isa = PBXGroup;
			children = (
				F814DDEE26BB8A3000AF6921 /* VerticalCardSwiperCell.swift */,
				F814DDEF26BB8A3000AF6921 /* VerticalCardSwiperCell.xib */,
			);
			path = Cells;
			sourceTree = "<group>";
		};
/* End PBXGroup section */

/* Begin PBXNativeTarget section */
		F8EF186B26BAE18A00C4D560 /* VerticalcardswiperTutorial-iOS */ = {
			isa = PBXNativeTarget;
			buildConfigurationList = F8EF188026BAE18B00C4D560 /* Build configuration list for PBXNativeTarget "VerticalcardswiperTutorial-iOS" */;
			buildPhases = (
				307851DE9B62A1F6389170F7 /* [CP] Check Pods Manifest.lock */,
				F8EF186826BAE18A00C4D560 /* Sources */,
				F8EF186926BAE18A00C4D560 /* Frameworks */,
				F8EF186A26BAE18A00C4D560 /* Resources */,
				3EDBFCFF9200677210ABE2BF /* [CP] Embed Pods Frameworks */,
			);
			buildRules = (
			);
			dependencies = (
			);
			name = "VerticalcardswiperTutorial-iOS";
			productName = "VerticalcardswiperTutorial-iOS";
			productReference = F8EF186C26BAE18A00C4D560 /* VerticalcardswiperTutorial-iOS.app */;
			productType = "com.apple.product-type.application";
		};
/* End PBXNativeTarget section */

/* Begin PBXProject section */
		F8EF186426BAE18A00C4D560 /* Project object */ = {
			isa = PBXProject;
			attributes = {
				LastSwiftUpdateCheck = 1250;
				LastUpgradeCheck = 1250;
				TargetAttributes = {
					F8EF186B26BAE18A00C4D560 = {
						CreatedOnToolsVersion = 12.5.1;
					};
				};
			};
			buildConfigurationList = F8EF186726BAE18A00C4D560 /* Build configuration list for PBXProject "VerticalcardswiperTutorial-iOS" */;
			compatibilityVersion = "Xcode 9.3";
			developmentRegion = en;
			hasScannedForEncodings = 0;
			knownRegions = (
				en,
				Base,
			);
			mainGroup = F8EF186326BAE18A00C4D560;
			productRefGroup = F8EF186D26BAE18A00C4D560 /* Products */;
			projectDirPath = "";
			projectRoot = "";
			targets = (
				F8EF186B26BAE18A00C4D560 /* VerticalcardswiperTutorial-iOS */,
			);
		};
/* End PBXProject section */

/* Begin PBXResourcesBuildPhase section */
		F8EF186A26BAE18A00C4D560 /* Resources */ = {
			isa = PBXResourcesBuildPhase;
			buildActionMask = 2147483647;
			files = (
				F8EF187C26BAE18B00C4D560 /* LaunchScreen.storyboard in Resources */,
				F814DDF126BB8A3000AF6921 /* VerticalCardSwiperCell.xib in Resources */,
				F8EF187926BAE18B00C4D560 /* Assets.xcassets in Resources */,
				F8EF187726BAE18A00C4D560 /* Main.storyboard in Resources */,
			);
			runOnlyForDeploymentPostprocessing = 0;
		};
/* End PBXResourcesBuildPhase section */

/* Begin PBXShellScriptBuildPhase section */
		307851DE9B62A1F6389170F7 /* [CP] Check Pods Manifest.lock */ = {
			isa = PBXShellScriptBuildPhase;
			buildActionMask = 2147483647;
			files = (
			);
			inputFileListPaths = (
			);
			inputPaths = (
				"${PODS_PODFILE_DIR_PATH}/Podfile.lock",
				"${PODS_ROOT}/Manifest.lock",
			);
			name = "[CP] Check Pods Manifest.lock";
			outputFileListPaths = (
			);
			outputPaths = (
				"$(DERIVED_FILE_DIR)/Pods-VerticalcardswiperTutorial-iOS-checkManifestLockResult.txt",
			);
			runOnlyForDeploymentPostprocessing = 0;
			shellPath = /bin/sh;
			shellScript = "diff \"${PODS_PODFILE_DIR_PATH}/Podfile.lock\" \"${PODS_ROOT}/Manifest.lock\" > /dev/null\nif [ $? != 0 ] ; then\n    # print error to STDERR\n    echo \"error: The sandbox is not in sync with the Podfile.lock. Run 'pod install' or update your CocoaPods installation.\" >&2\n    exit 1\nfi\n# This output is used by Xcode 'outputs' to avoid re-running this script phase.\necho \"SUCCESS\" > \"${SCRIPT_OUTPUT_FILE_0}\"\n";
			showEnvVarsInLog = 0;
		};
		3EDBFCFF9200677210ABE2BF /* [CP] Embed Pods Frameworks */ = {
			isa = PBXShellScriptBuildPhase;
			buildActionMask = 2147483647;
			files = (
			);
			inputFileListPaths = (
				"${PODS_ROOT}/Target Support Files/Pods-VerticalcardswiperTutorial-iOS/Pods-VerticalcardswiperTutorial-iOS-frameworks-${CONFIGURATION}-input-files.xcfilelist",
			);
			name = "[CP] Embed Pods Frameworks";
			outputFileListPaths = (
				"${PODS_ROOT}/Target Support Files/Pods-VerticalcardswiperTutorial-iOS/Pods-VerticalcardswiperTutorial-iOS-frameworks-${CONFIGURATION}-output-files.xcfilelist",
			);
			runOnlyForDeploymentPostprocessing = 0;
			shellPath = /bin/sh;
			shellScript = "\"${PODS_ROOT}/Target Support Files/Pods-VerticalcardswiperTutorial-iOS/Pods-VerticalcardswiperTutorial-iOS-frameworks.sh\"\n";
			showEnvVarsInLog = 0;
		};
/* End PBXShellScriptBuildPhase section */

/* Begin PBXSourcesBuildPhase section */
		F8EF186826BAE18A00C4D560 /* Sources */ = {
			isa = PBXSourcesBuildPhase;
			buildActionMask = 2147483647;
			files = (
				F8FC435026BEBA9C0033E151 /* PopAnimator.swift in Sources */,
				F8EF187426BAE18A00C4D560 /* ViewController.swift in Sources */,
				F814DDF026BB8A3000AF6921 /* VerticalCardSwiperCell.swift in Sources */,
				F8EF187026BAE18A00C4D560 /* AppDelegate.swift in Sources */,
				F8FC434A26BE0D980033E151 /* CustomPresentationController.swift in Sources */,
				F8EF187226BAE18A00C4D560 /* SceneDelegate.swift in Sources */,
				F8FC435426BEE39A0033E151 /* DetailScrollView.swift in Sources */,
				F8FC434D26BEBA250033E151 /* DetailCardViewController.swift in Sources */,
			);
			runOnlyForDeploymentPostprocessing = 0;
		};
/* End PBXSourcesBuildPhase section */

/* Begin PBXVariantGroup section */
		F8EF187526BAE18A00C4D560 /* Main.storyboard */ = {
			isa = PBXVariantGroup;
			children = (
				F8EF187626BAE18A00C4D560 /* Base */,
			);
			name = Main.storyboard;
			sourceTree = "<group>";
		};
		F8EF187A26BAE18B00C4D560 /* LaunchScreen.storyboard */ = {
			isa = PBXVariantGroup;
			children = (
				F8EF187B26BAE18B00C4D560 /* Base */,
			);
			name = LaunchScreen.storyboard;
			sourceTree = "<group>";
		};
/* End PBXVariantGroup section */

/* Begin XCBuildConfiguration section */
		F8EF187E26BAE18B00C4D560 /* Debug */ = {
			isa = XCBuildConfiguration;
			buildSettings = {
				ALWAYS_SEARCH_USER_PATHS = NO;
				CLANG_ANALYZER_NONNULL = YES;
				CLANG_ANALYZER_NUMBER_OBJECT_CONVERSION = YES_AGGRESSIVE;
				CLANG_CXX_LANGUAGE_STANDARD = "gnu++14";
				CLANG_CXX_LIBRARY = "libc++";
				CLANG_ENABLE_MODULES = YES;
				CLANG_ENABLE_OBJC_ARC = YES;
				CLANG_ENABLE_OBJC_WEAK = YES;
				CLANG_WARN_BLOCK_CAPTURE_AUTORELEASING = YES;
				CLANG_WARN_BOOL_CONVERSION = YES;
				CLANG_WARN_COMMA = YES;
				CLANG_WARN_CONSTANT_CONVERSION = YES;
				CLANG_WARN_DEPRECATED_OBJC_IMPLEMENTATIONS = YES;
				CLANG_WARN_DIRECT_OBJC_ISA_USAGE = YES_ERROR;
				CLANG_WARN_DOCUMENTATION_COMMENTS = YES;
				CLANG_WARN_EMPTY_BODY = YES;
				CLANG_WARN_ENUM_CONVERSION = YES;
				CLANG_WARN_INFINITE_RECURSION = YES;
				CLANG_WARN_INT_CONVERSION = YES;
				CLANG_WARN_NON_LITERAL_NULL_CONVERSION = YES;
				CLANG_WARN_OBJC_IMPLICIT_RETAIN_SELF = YES;
				CLANG_WARN_OBJC_LITERAL_CONVERSION = YES;
				CLANG_WARN_OBJC_ROOT_CLASS = YES_ERROR;
				CLANG_WARN_QUOTED_INCLUDE_IN_FRAMEWORK_HEADER = YES;
				CLANG_WARN_RANGE_LOOP_ANALYSIS = YES;
				CLANG_WARN_STRICT_PROTOTYPES = YES;
				CLANG_WARN_SUSPICIOUS_MOVE = YES;
				CLANG_WARN_UNGUARDED_AVAILABILITY = YES_AGGRESSIVE;
				CLANG_WARN_UNREACHABLE_CODE = YES;
				CLANG_WARN__DUPLICATE_METHOD_MATCH = YES;
				COPY_PHASE_STRIP = NO;
				DEBUG_INFORMATION_FORMAT = dwarf;
				ENABLE_STRICT_OBJC_MSGSEND = YES;
				ENABLE_TESTABILITY = YES;
				GCC_C_LANGUAGE_STANDARD = gnu11;
				GCC_DYNAMIC_NO_PIC = NO;
				GCC_NO_COMMON_BLOCKS = YES;
				GCC_OPTIMIZATION_LEVEL = 0;
				GCC_PREPROCESSOR_DEFINITIONS = (
					"DEBUG=1",
					"$(inherited)",
				);
				GCC_WARN_64_TO_32_BIT_CONVERSION = YES;
				GCC_WARN_ABOUT_RETURN_TYPE = YES_ERROR;
				GCC_WARN_UNDECLARED_SELECTOR = YES;
				GCC_WARN_UNINITIALIZED_AUTOS = YES_AGGRESSIVE;
				GCC_WARN_UNUSED_FUNCTION = YES;
				GCC_WARN_UNUSED_VARIABLE = YES;
				IPHONEOS_DEPLOYMENT_TARGET = 14.5;
				MTL_ENABLE_DEBUG_INFO = INCLUDE_SOURCE;
				MTL_FAST_MATH = YES;
				ONLY_ACTIVE_ARCH = YES;
				SDKROOT = iphoneos;
				SWIFT_ACTIVE_COMPILATION_CONDITIONS = DEBUG;
				SWIFT_OPTIMIZATION_LEVEL = "-Onone";
			};
			name = Debug;
		};
		F8EF187F26BAE18B00C4D560 /* Release */ = {
			isa = XCBuildConfiguration;
			buildSettings = {
				ALWAYS_SEARCH_USER_PATHS = NO;
				CLANG_ANALYZER_NONNULL = YES;
				CLANG_ANALYZER_NUMBER_OBJECT_CONVERSION = YES_AGGRESSIVE;
				CLANG_CXX_LANGUAGE_STANDARD = "gnu++14";
				CLANG_CXX_LIBRARY = "libc++";
				CLANG_ENABLE_MODULES = YES;
				CLANG_ENABLE_OBJC_ARC = YES;
				CLANG_ENABLE_OBJC_WEAK = YES;
				CLANG_WARN_BLOCK_CAPTURE_AUTORELEASING = YES;
				CLANG_WARN_BOOL_CONVERSION = YES;
				CLANG_WARN_COMMA = YES;
				CLANG_WARN_CONSTANT_CONVERSION = YES;
				CLANG_WARN_DEPRECATED_OBJC_IMPLEMENTATIONS = YES;
				CLANG_WARN_DIRECT_OBJC_ISA_USAGE = YES_ERROR;
				CLANG_WARN_DOCUMENTATION_COMMENTS = YES;
				CLANG_WARN_EMPTY_BODY = YES;
				CLANG_WARN_ENUM_CONVERSION = YES;
				CLANG_WARN_INFINITE_RECURSION = YES;
				CLANG_WARN_INT_CONVERSION = YES;
				CLANG_WARN_NON_LITERAL_NULL_CONVERSION = YES;
				CLANG_WARN_OBJC_IMPLICIT_RETAIN_SELF = YES;
				CLANG_WARN_OBJC_LITERAL_CONVERSION = YES;
				CLANG_WARN_OBJC_ROOT_CLASS = YES_ERROR;
				CLANG_WARN_QUOTED_INCLUDE_IN_FRAMEWORK_HEADER = YES;
				CLANG_WARN_RANGE_LOOP_ANALYSIS = YES;
				CLANG_WARN_STRICT_PROTOTYPES = YES;
				CLANG_WARN_SUSPICIOUS_MOVE = YES;
				CLANG_WARN_UNGUARDED_AVAILABILITY = YES_AGGRESSIVE;
				CLANG_WARN_UNREACHABLE_CODE = YES;
				CLANG_WARN__DUPLICATE_METHOD_MATCH = YES;
				COPY_PHASE_STRIP = NO;
				DEBUG_INFORMATION_FORMAT = "dwarf-with-dsym";
				ENABLE_NS_ASSERTIONS = NO;
				ENABLE_STRICT_OBJC_MSGSEND = YES;
				GCC_C_LANGUAGE_STANDARD = gnu11;
				GCC_NO_COMMON_BLOCKS = YES;
				GCC_WARN_64_TO_32_BIT_CONVERSION = YES;
				GCC_WARN_ABOUT_RETURN_TYPE = YES_ERROR;
				GCC_WARN_UNDECLARED_SELECTOR = YES;
				GCC_WARN_UNINITIALIZED_AUTOS = YES_AGGRESSIVE;
				GCC_WARN_UNUSED_FUNCTION = YES;
				GCC_WARN_UNUSED_VARIABLE = YES;
				IPHONEOS_DEPLOYMENT_TARGET = 14.5;
				MTL_ENABLE_DEBUG_INFO = NO;
				MTL_FAST_MATH = YES;
				SDKROOT = iphoneos;
				SWIFT_COMPILATION_MODE = wholemodule;
				SWIFT_OPTIMIZATION_LEVEL = "-O";
				VALIDATE_PRODUCT = YES;
			};
			name = Release;
		};
		F8EF188126BAE18B00C4D560 /* Debug */ = {
			isa = XCBuildConfiguration;
			baseConfigurationReference = D18BB6809E2D7FD91B87A7F6 /* Pods-VerticalcardswiperTutorial-iOS.debug.xcconfig */;
			buildSettings = {
				ASSETCATALOG_COMPILER_APPICON_NAME = AppIcon;
				ASSETCATALOG_COMPILER_GLOBAL_ACCENT_COLOR_NAME = AccentColor;
				CODE_SIGN_STYLE = Automatic;
				DEVELOPMENT_TEAM = T8C9SSEX5G;
				INFOPLIST_FILE = "VerticalcardswiperTutorial-iOS/Info.plist";
				LD_RUNPATH_SEARCH_PATHS = (
					"$(inherited)",
					"@executable_path/Frameworks",
				);
				PRODUCT_BUNDLE_IDENTIFIER = "hyun99999.VerticalcardswiperTutorial-iOS";
				PRODUCT_NAME = "$(TARGET_NAME)";
				SUPPORTED_PLATFORMS = "iphoneos iphonesimulator";
				SUPPORTS_MACCATALYST = NO;
				SUPPORTS_MAC_DESIGNED_FOR_IPHONE_IPAD = NO;
				SWIFT_VERSION = 5.0;
				TARGETED_DEVICE_FAMILY = 1;
			};
			name = Debug;
		};
		F8EF188226BAE18B00C4D560 /* Release */ = {
			isa = XCBuildConfiguration;
			baseConfigurationReference = B2B62D99A9734D6B6A953A57 /* Pods-VerticalcardswiperTutorial-iOS.release.xcconfig */;
			buildSettings = {
				ASSETCATALOG_COMPILER_APPICON_NAME = AppIcon;
				ASSETCATALOG_COMPILER_GLOBAL_ACCENT_COLOR_NAME = AccentColor;
				CODE_SIGN_STYLE = Automatic;
				DEVELOPMENT_TEAM = T8C9SSEX5G;
				INFOPLIST_FILE = "VerticalcardswiperTutorial-iOS/Info.plist";
				LD_RUNPATH_SEARCH_PATHS = (
					"$(inherited)",
					"@executable_path/Frameworks",
				);
				PRODUCT_BUNDLE_IDENTIFIER = "hyun99999.VerticalcardswiperTutorial-iOS";
				PRODUCT_NAME = "$(TARGET_NAME)";
				SUPPORTED_PLATFORMS = "iphoneos iphonesimulator";
				SUPPORTS_MACCATALYST = NO;
				SUPPORTS_MAC_DESIGNED_FOR_IPHONE_IPAD = NO;
				SWIFT_VERSION = 5.0;
				TARGETED_DEVICE_FAMILY = 1;
			};
			name = Release;
		};
/* End XCBuildConfiguration section */

/* Begin XCConfigurationList section */
		F8EF186726BAE18A00C4D560 /* Build configuration list for PBXProject "VerticalcardswiperTutorial-iOS" */ = {
			isa = XCConfigurationList;
			buildConfigurations = (
				F8EF187E26BAE18B00C4D560 /* Debug */,
				F8EF187F26BAE18B00C4D560 /* Release */,
			);
			defaultConfigurationIsVisible = 0;
			defaultConfigurationName = Release;
		};
		F8EF188026BAE18B00C4D560 /* Build configuration list for PBXNativeTarget "VerticalcardswiperTutorial-iOS" */ = {
			isa = XCConfigurationList;
			buildConfigurations = (
				F8EF188126BAE18B00C4D560 /* Debug */,
				F8EF188226BAE18B00C4D560 /* Release */,
			);
			defaultConfigurationIsVisible = 0;
			defaultConfigurationName = Release;
		};
/* End XCConfigurationList section */
	};
	rootObject = F8EF186426BAE18A00C4D560 /* Project object */;
}
