// !$*UTF8*$!
{
	archiveVersion = 1;
	classes = {
	};
	objectVersion = 56;
	objects = {

/* Begin PBXBuildFile section */
		E679A63929C609EC009AAFFA /* AppDelegate.swift in Sources */ = {isa = PBXBuildFile; fileRef = E679A63829C609EC009AAFFA /* AppDelegate.swift */; };
		E679A63B29C609EC009AAFFA /* SceneDelegate.swift in Sources */ = {isa = PBXBuildFile; fileRef = E679A63A29C609EC009AAFFA /* SceneDelegate.swift */; };
		E679A63D29C609EC009AAFFA /* ViewController.swift in Sources */ = {isa = PBXBuildFile; fileRef = E679A63C29C609EC009AAFFA /* ViewController.swift */; };
		E679A64029C609EC009AAFFA /* Main.storyboard in Resources */ = {isa = PBXBuildFile; fileRef = E679A63E29C609EC009AAFFA /* Main.storyboard */; };
		E679A64229C609EE009AAFFA /* Assets.xcassets in Resources */ = {isa = PBXBuildFile; fileRef = E679A64129C609EE009AAFFA /* Assets.xcassets */; };
		E679A64529C609EE009AAFFA /* LaunchScreen.storyboard in Resources */ = {isa = PBXBuildFile; fileRef = E679A64329C609EE009AAFFA /* LaunchScreen.storyboard */; };
		E679A64D29C61B3B009AAFFA /* ProductCollectionViewCell.swift in Sources */ = {isa = PBXBuildFile; fileRef = E679A64C29C61B3B009AAFFA /* ProductCollectionViewCell.swift */; };
		E6A0292E29C61E5D0087384F /* Product.swift in Sources */ = {isa = PBXBuildFile; fileRef = E6A0292D29C61E5D0087384F /* Product.swift */; };
		E6A0293129C61EF20087384F /* DataManager.swift in Sources */ = {isa = PBXBuildFile; fileRef = E6A0293029C61EF20087384F /* DataManager.swift */; };
		E6A0293729C6225D0087384F /* Constants.swift in Sources */ = {isa = PBXBuildFile; fileRef = E6A0293629C6225D0087384F /* Constants.swift */; };
/* End PBXBuildFile section */

/* Begin PBXFileReference section */
		E679A63529C609EC009AAFFA /* Nomardmap_FInal.app */ = {isa = PBXFileReference; explicitFileType = wrapper.application; includeInIndex = 0; path = Nomardmap_FInal.app; sourceTree = BUILT_PRODUCTS_DIR; };
		E679A63829C609EC009AAFFA /* AppDelegate.swift */ = {isa = PBXFileReference; lastKnownFileType = sourcecode.swift; path = AppDelegate.swift; sourceTree = "<group>"; };
		E679A63A29C609EC009AAFFA /* SceneDelegate.swift */ = {isa = PBXFileReference; lastKnownFileType = sourcecode.swift; path = SceneDelegate.swift; sourceTree = "<group>"; };
		E679A63C29C609EC009AAFFA /* ViewController.swift */ = {isa = PBXFileReference; lastKnownFileType = sourcecode.swift; path = ViewController.swift; sourceTree = "<group>"; };
		E679A63F29C609EC009AAFFA /* Base */ = {isa = PBXFileReference; lastKnownFileType = file.storyboard; name = Base; path = Base.lproj/Main.storyboard; sourceTree = "<group>"; };
		E679A64129C609EE009AAFFA /* Assets.xcassets */ = {isa = PBXFileReference; lastKnownFileType = folder.assetcatalog; path = Assets.xcassets; sourceTree = "<group>"; };
		E679A64429C609EE009AAFFA /* Base */ = {isa = PBXFileReference; lastKnownFileType = file.storyboard; name = Base; path = Base.lproj/LaunchScreen.storyboard; sourceTree = "<group>"; };
		E679A64629C609EF009AAFFA /* Info.plist */ = {isa = PBXFileReference; lastKnownFileType = text.plist.xml; path = Info.plist; sourceTree = "<group>"; };
		E679A64C29C61B3B009AAFFA /* ProductCollectionViewCell.swift */ = {isa = PBXFileReference; lastKnownFileType = sourcecode.swift; path = ProductCollectionViewCell.swift; sourceTree = "<group>"; };
		E6A0292D29C61E5D0087384F /* Product.swift */ = {isa = PBXFileReference; lastKnownFileType = sourcecode.swift; path = Product.swift; sourceTree = "<group>"; };
		E6A0293029C61EF20087384F /* DataManager.swift */ = {isa = PBXFileReference; lastKnownFileType = sourcecode.swift; path = DataManager.swift; sourceTree = "<group>"; };
		E6A0293629C6225D0087384F /* Constants.swift */ = {isa = PBXFileReference; lastKnownFileType = sourcecode.swift; path = Constants.swift; sourceTree = "<group>"; };
/* End PBXFileReference section */

/* Begin PBXFrameworksBuildPhase section */
		E679A63229C609EC009AAFFA /* Frameworks */ = {
			isa = PBXFrameworksBuildPhase;
			buildActionMask = 2147483647;
			files = (
			);
			runOnlyForDeploymentPostprocessing = 0;
		};
/* End PBXFrameworksBuildPhase section */

/* Begin PBXGroup section */
		E679A62C29C609EC009AAFFA = {
			isa = PBXGroup;
			children = (
				E679A63729C609EC009AAFFA /* Nomardmap_Final */,
				E679A63629C609EC009AAFFA /* Products */,
			);
			sourceTree = "<group>";
		};
		E679A63629C609EC009AAFFA /* Products */ = {
			isa = PBXGroup;
			children = (
				E679A63529C609EC009AAFFA /* Nomardmap_FInal.app */,
			);
			name = Products;
			sourceTree = "<group>";
		};
		E679A63729C609EC009AAFFA /* Nomardmap_Final */ = {
			isa = PBXGroup;
			children = (
				E679A63829C609EC009AAFFA /* AppDelegate.swift */,
				E679A63A29C609EC009AAFFA /* SceneDelegate.swift */,
				E6A0293529C6223D0087384F /* Helpers */,
				E6A0292F29C61E620087384F /* Models */,
				E679A64E29C61B56009AAFFA /* Views */,
				E679A65029C61B8A009AAFFA /* Controllers */,
				E679A64129C609EE009AAFFA /* Assets.xcassets */,
				E679A64329C609EE009AAFFA /* LaunchScreen.storyboard */,
				E679A64629C609EF009AAFFA /* Info.plist */,
			);
			path = Nomardmap_Final;
			sourceTree = "<group>";
		};
		E679A64E29C61B56009AAFFA /* Views */ = {
			isa = PBXGroup;
			children = (
				E679A63E29C609EC009AAFFA /* Main.storyboard */,
				E679A64C29C61B3B009AAFFA /* ProductCollectionViewCell.swift */,
			);
			path = Views;
			sourceTree = "<group>";
		};
		E679A65029C61B8A009AAFFA /* Controllers */ = {
			isa = PBXGroup;
			children = (
				E679A63C29C609EC009AAFFA /* ViewController.swift */,
			);
			path = Controllers;
			sourceTree = "<group>";
		};
		E6A0292F29C61E620087384F /* Models */ = {
			isa = PBXGroup;
			children = (
				E6A0292D29C61E5D0087384F /* Product.swift */,
				E6A0293029C61EF20087384F /* DataManager.swift */,
			);
			path = Models;
			sourceTree = "<group>";
		};
		E6A0293529C6223D0087384F /* Helpers */ = {
			isa = PBXGroup;
			children = (
				E6A0293629C6225D0087384F /* Constants.swift */,
			);
			path = Helpers;
			sourceTree = "<group>";
		};
/* End PBXGroup section */

/* Begin PBXNativeTarget section */
		E679A63429C609EC009AAFFA /* Nomardmap_FInal */ = {
			isa = PBXNativeTarget;
			buildConfigurationList = E679A64929C609EF009AAFFA /* Build configuration list for PBXNativeTarget "Nomardmap_FInal" */;
			buildPhases = (
				E679A63129C609EC009AAFFA /* Sources */,
				E679A63229C609EC009AAFFA /* Frameworks */,
				E679A63329C609EC009AAFFA /* Resources */,
			);
			buildRules = (
			);
			dependencies = (
			);
			name = Nomardmap_FInal;
			productName = Nomardmap_FInal;
			productReference = E679A63529C609EC009AAFFA /* Nomardmap_FInal.app */;
			productType = "com.apple.product-type.application";
		};
/* End PBXNativeTarget section */

/* Begin PBXProject section */
		E679A62D29C609EC009AAFFA /* Project object */ = {
			isa = PBXProject;
			attributes = {
				BuildIndependentTargetsInParallel = 1;
				LastSwiftUpdateCheck = 1420;
				LastUpgradeCheck = 1420;
				TargetAttributes = {
					E679A63429C609EC009AAFFA = {
						CreatedOnToolsVersion = 14.2;
					};
				};
			};
			buildConfigurationList = E679A63029C609EC009AAFFA /* Build configuration list for PBXProject "Nomardmap_FInal" */;
			compatibilityVersion = "Xcode 14.0";
			developmentRegion = en;
			hasScannedForEncodings = 0;
			knownRegions = (
				en,
				Base,
			);
			mainGroup = E679A62C29C609EC009AAFFA;
			productRefGroup = E679A63629C609EC009AAFFA /* Products */;
			projectDirPath = "";
			projectRoot = "";
			targets = (
				E679A63429C609EC009AAFFA /* Nomardmap_FInal */,
			);
		};
/* End PBXProject section */

/* Begin PBXResourcesBuildPhase section */
		E679A63329C609EC009AAFFA /* Resources */ = {
			isa = PBXResourcesBuildPhase;
			buildActionMask = 2147483647;
			files = (
				E679A64529C609EE009AAFFA /* LaunchScreen.storyboard in Resources */,
				E679A64229C609EE009AAFFA /* Assets.xcassets in Resources */,
				E679A64029C609EC009AAFFA /* Main.storyboard in Resources */,
			);
			runOnlyForDeploymentPostprocessing = 0;
		};
/* End PBXResourcesBuildPhase section */

/* Begin PBXSourcesBuildPhase section */
		E679A63129C609EC009AAFFA /* Sources */ = {
			isa = PBXSourcesBuildPhase;
			buildActionMask = 2147483647;
			files = (
				E679A63D29C609EC009AAFFA /* ViewController.swift in Sources */,
				E6A0293129C61EF20087384F /* DataManager.swift in Sources */,
				E679A63929C609EC009AAFFA /* AppDelegate.swift in Sources */,
				E6A0292E29C61E5D0087384F /* Product.swift in Sources */,
				E6A0293729C6225D0087384F /* Constants.swift in Sources */,
				E679A64D29C61B3B009AAFFA /* ProductCollectionViewCell.swift in Sources */,
				E679A63B29C609EC009AAFFA /* SceneDelegate.swift in Sources */,
			);
			runOnlyForDeploymentPostprocessing = 0;
		};
/* End PBXSourcesBuildPhase section */

/* Begin PBXVariantGroup section */
		E679A63E29C609EC009AAFFA /* Main.storyboard */ = {
			isa = PBXVariantGroup;
			children = (
				E679A63F29C609EC009AAFFA /* Base */,
			);
			name = Main.storyboard;
			sourceTree = "<group>";
		};
		E679A64329C609EE009AAFFA /* LaunchScreen.storyboard */ = {
			isa = PBXVariantGroup;
			children = (
				E679A64429C609EE009AAFFA /* Base */,
			);
			name = LaunchScreen.storyboard;
			sourceTree = "<group>";
		};
/* End PBXVariantGroup section */

/* Begin XCBuildConfiguration section */
		E679A64729C609EF009AAFFA /* Debug */ = {
			isa = XCBuildConfiguration;
			buildSettings = {
				ALWAYS_SEARCH_USER_PATHS = NO;
				CLANG_ANALYZER_NONNULL = YES;
				CLANG_ANALYZER_NUMBER_OBJECT_CONVERSION = YES_AGGRESSIVE;
				CLANG_CXX_LANGUAGE_STANDARD = "gnu++20";
				CLANG_ENABLE_MODULES = YES;
				CLANG_ENABLE_OBJC_ARC = YES;
				CLANG_ENABLE_OBJC_WEAK = YES;
				CLANG_WARN_BLOCK_CAPTURE_AUTORELEASING = YES;
				CLANG_WARN_BOOL_CONVERSION = YES;
				CLANG_WARN_COMMA = YES;
				CLANG_WARN_CONSTANT_CONVERSION = YES;
				CLANG_WARN_DEPRECATED_OBJC_IMPLEMENTATIONS = YES;
				CLANG_WARN_DIRECT_OBJC_ISA_USAGE = YES_ERROR;
				CLANG_WARN_DOCUMENTATION_COMMENTS = YES;
				CLANG_WARN_EMPTY_BODY = YES;
				CLANG_WARN_ENUM_CONVERSION = YES;
				CLANG_WARN_INFINITE_RECURSION = YES;
				CLANG_WARN_INT_CONVERSION = YES;
				CLANG_WARN_NON_LITERAL_NULL_CONVERSION = YES;
				CLANG_WARN_OBJC_IMPLICIT_RETAIN_SELF = YES;
				CLANG_WARN_OBJC_LITERAL_CONVERSION = YES;
				CLANG_WARN_OBJC_ROOT_CLASS = YES_ERROR;
				CLANG_WARN_QUOTED_INCLUDE_IN_FRAMEWORK_HEADER = YES;
				CLANG_WARN_RANGE_LOOP_ANALYSIS = YES;
				CLANG_WARN_STRICT_PROTOTYPES = YES;
				CLANG_WARN_SUSPICIOUS_MOVE = YES;
				CLANG_WARN_UNGUARDED_AVAILABILITY = YES_AGGRESSIVE;
				CLANG_WARN_UNREACHABLE_CODE = YES;
				CLANG_WARN__DUPLICATE_METHOD_MATCH = YES;
				COPY_PHASE_STRIP = NO;
				DEBUG_INFORMATION_FORMAT = dwarf;
				ENABLE_STRICT_OBJC_MSGSEND = YES;
				ENABLE_TESTABILITY = YES;
				GCC_C_LANGUAGE_STANDARD = gnu11;
				GCC_DYNAMIC_NO_PIC = NO;
				GCC_NO_COMMON_BLOCKS = YES;
				GCC_OPTIMIZATION_LEVEL = 0;
				GCC_PREPROCESSOR_DEFINITIONS = (
					"DEBUG=1",
					"$(inherited)",
				);
				GCC_WARN_64_TO_32_BIT_CONVERSION = YES;
				GCC_WARN_ABOUT_RETURN_TYPE = YES_ERROR;
				GCC_WARN_UNDECLARED_SELECTOR = YES;
				GCC_WARN_UNINITIALIZED_AUTOS = YES_AGGRESSIVE;
				GCC_WARN_UNUSED_FUNCTION = YES;
				GCC_WARN_UNUSED_VARIABLE = YES;
				IPHONEOS_DEPLOYMENT_TARGET = 16.2;
				MTL_ENABLE_DEBUG_INFO = INCLUDE_SOURCE;
				MTL_FAST_MATH = YES;
				ONLY_ACTIVE_ARCH = YES;
				SDKROOT = iphoneos;
				SWIFT_ACTIVE_COMPILATION_CONDITIONS = DEBUG;
				SWIFT_OPTIMIZATION_LEVEL = "-Onone";
			};
			name = Debug;
		};
		E679A64829C609EF009AAFFA /* Release */ = {
			isa = XCBuildConfiguration;
			buildSettings = {
				ALWAYS_SEARCH_USER_PATHS = NO;
				CLANG_ANALYZER_NONNULL = YES;
				CLANG_ANALYZER_NUMBER_OBJECT_CONVERSION = YES_AGGRESSIVE;
				CLANG_CXX_LANGUAGE_STANDARD = "gnu++20";
				CLANG_ENABLE_MODULES = YES;
				CLANG_ENABLE_OBJC_ARC = YES;
				CLANG_ENABLE_OBJC_WEAK = YES;
				CLANG_WARN_BLOCK_CAPTURE_AUTORELEASING = YES;
				CLANG_WARN_BOOL_CONVERSION = YES;
				CLANG_WARN_COMMA = YES;
				CLANG_WARN_CONSTANT_CONVERSION = YES;
				CLANG_WARN_DEPRECATED_OBJC_IMPLEMENTATIONS = YES;
				CLANG_WARN_DIRECT_OBJC_ISA_USAGE = YES_ERROR;
				CLANG_WARN_DOCUMENTATION_COMMENTS = YES;
				CLANG_WARN_EMPTY_BODY = YES;
				CLANG_WARN_ENUM_CONVERSION = YES;
				CLANG_WARN_INFINITE_RECURSION = YES;
				CLANG_WARN_INT_CONVERSION = YES;
				CLANG_WARN_NON_LITERAL_NULL_CONVERSION = YES;
				CLANG_WARN_OBJC_IMPLICIT_RETAIN_SELF = YES;
				CLANG_WARN_OBJC_LITERAL_CONVERSION = YES;
				CLANG_WARN_OBJC_ROOT_CLASS = YES_ERROR;
				CLANG_WARN_QUOTED_INCLUDE_IN_FRAMEWORK_HEADER = YES;
				CLANG_WARN_RANGE_LOOP_ANALYSIS = YES;
				CLANG_WARN_STRICT_PROTOTYPES = YES;
				CLANG_WARN_SUSPICIOUS_MOVE = YES;
				CLANG_WARN_UNGUARDED_AVAILABILITY = YES_AGGRESSIVE;
				CLANG_WARN_UNREACHABLE_CODE = YES;
				CLANG_WARN__DUPLICATE_METHOD_MATCH = YES;
				COPY_PHASE_STRIP = NO;
				DEBUG_INFORMATION_FORMAT = "dwarf-with-dsym";
				ENABLE_NS_ASSERTIONS = NO;
				ENABLE_STRICT_OBJC_MSGSEND = YES;
				GCC_C_LANGUAGE_STANDARD = gnu11;
				GCC_NO_COMMON_BLOCKS = YES;
				GCC_WARN_64_TO_32_BIT_CONVERSION = YES;
				GCC_WARN_ABOUT_RETURN_TYPE = YES_ERROR;
				GCC_WARN_UNDECLARED_SELECTOR = YES;
				GCC_WARN_UNINITIALIZED_AUTOS = YES_AGGRESSIVE;
				GCC_WARN_UNUSED_FUNCTION = YES;
				GCC_WARN_UNUSED_VARIABLE = YES;
				IPHONEOS_DEPLOYMENT_TARGET = 16.2;
				MTL_ENABLE_DEBUG_INFO = NO;
				MTL_FAST_MATH = YES;
				SDKROOT = iphoneos;
				SWIFT_COMPILATION_MODE = wholemodule;
				SWIFT_OPTIMIZATION_LEVEL = "-O";
				VALIDATE_PRODUCT = YES;
			};
			name = Release;
		};
		E679A64A29C609EF009AAFFA /* Debug */ = {
			isa = XCBuildConfiguration;
			buildSettings = {
				ASSETCATALOG_COMPILER_APPICON_NAME = AppIcon;
				ASSETCATALOG_COMPILER_GLOBAL_ACCENT_COLOR_NAME = AccentColor;
				CODE_SIGN_STYLE = Automatic;
				CURRENT_PROJECT_VERSION = 1;
				GENERATE_INFOPLIST_FILE = YES;
				INFOPLIST_FILE = Nomardmap_FInal/Info.plist;
				INFOPLIST_KEY_UIApplicationSupportsIndirectInputEvents = YES;
				INFOPLIST_KEY_UILaunchStoryboardName = LaunchScreen;
				INFOPLIST_KEY_UIMainStoryboardFile = Main;
				INFOPLIST_KEY_UISupportedInterfaceOrientations_iPad = "UIInterfaceOrientationPortrait UIInterfaceOrientationPortraitUpsideDown UIInterfaceOrientationLandscapeLeft UIInterfaceOrientationLandscapeRight";
				INFOPLIST_KEY_UISupportedInterfaceOrientations_iPhone = "UIInterfaceOrientationPortrait UIInterfaceOrientationLandscapeLeft UIInterfaceOrientationLandscapeRight";
				LD_RUNPATH_SEARCH_PATHS = (
					"$(inherited)",
					"@executable_path/Frameworks",
				);
				MARKETING_VERSION = 1.0;
				PRODUCT_BUNDLE_IDENTIFIER = "com.yourcompany.Nomardmap-FInal";
				PRODUCT_NAME = "$(TARGET_NAME)";
				SUPPORTED_PLATFORMS = "iphoneos iphonesimulator";
				SUPPORTS_MACCATALYST = NO;
				SUPPORTS_MAC_DESIGNED_FOR_IPHONE_IPAD = NO;
				SWIFT_EMIT_LOC_STRINGS = YES;
				SWIFT_VERSION = 5.0;
				TARGETED_DEVICE_FAMILY = 1;
			};
			name = Debug;
		};
		E679A64B29C609EF009AAFFA /* Release */ = {
			isa = XCBuildConfiguration;
			buildSettings = {
				ASSETCATALOG_COMPILER_APPICON_NAME = AppIcon;
				ASSETCATALOG_COMPILER_GLOBAL_ACCENT_COLOR_NAME = AccentColor;
				CODE_SIGN_STYLE = Automatic;
				CURRENT_PROJECT_VERSION = 1;
				GENERATE_INFOPLIST_FILE = YES;
				INFOPLIST_FILE = Nomardmap_FInal/Info.plist;
				INFOPLIST_KEY_UIApplicationSupportsIndirectInputEvents = YES;
				INFOPLIST_KEY_UILaunchStoryboardName = LaunchScreen;
				INFOPLIST_KEY_UIMainStoryboardFile = Main;
				INFOPLIST_KEY_UISupportedInterfaceOrientations_iPad = "UIInterfaceOrientationPortrait UIInterfaceOrientationPortraitUpsideDown UIInterfaceOrientationLandscapeLeft UIInterfaceOrientationLandscapeRight";
				INFOPLIST_KEY_UISupportedInterfaceOrientations_iPhone = "UIInterfaceOrientationPortrait UIInterfaceOrientationLandscapeLeft UIInterfaceOrientationLandscapeRight";
				LD_RUNPATH_SEARCH_PATHS = (
					"$(inherited)",
					"@executable_path/Frameworks",
				);
				MARKETING_VERSION = 1.0;
				PRODUCT_BUNDLE_IDENTIFIER = "com.yourcompany.Nomardmap-FInal";
				PRODUCT_NAME = "$(TARGET_NAME)";
				SUPPORTED_PLATFORMS = "iphoneos iphonesimulator";
				SUPPORTS_MACCATALYST = NO;
				SUPPORTS_MAC_DESIGNED_FOR_IPHONE_IPAD = NO;
				SWIFT_EMIT_LOC_STRINGS = YES;
				SWIFT_VERSION = 5.0;
				TARGETED_DEVICE_FAMILY = 1;
			};
			name = Release;
		};
/* End XCBuildConfiguration section */

/* Begin XCConfigurationList section */
		E679A63029C609EC009AAFFA /* Build configuration list for PBXProject "Nomardmap_FInal" */ = {
			isa = XCConfigurationList;
			buildConfigurations = (
				E679A64729C609EF009AAFFA /* Debug */,
				E679A64829C609EF009AAFFA /* Release */,
			);
			defaultConfigurationIsVisible = 0;
			defaultConfigurationName = Release;
		};
		E679A64929C609EF009AAFFA /* Build configuration list for PBXNativeTarget "Nomardmap_FInal" */ = {
			isa = XCConfigurationList;
			buildConfigurations = (
				E679A64A29C609EF009AAFFA /* Debug */,
				E679A64B29C609EF009AAFFA /* Release */,
			);
			defaultConfigurationIsVisible = 0;
			defaultConfigurationName = Release;
		};
/* End XCConfigurationList section */
	};
	rootObject = E679A62D29C609EC009AAFFA /* Project object */;
}
